
Microsoft Visual Studio Solution File, Format Version 12.00
# Visual Studio Version 16
VisualStudioVersion = 16.0.31112.23
MinimumVisualStudioVersion = 10.0.40219.1
Project("{8BC9CEB8-8B4A-11D0-8D11-00A0C91BC942}") = "ps_01", "ps_1\ps_1.vcxproj", "{0CF06F90-FB4F-493E-A1F5-57B6984B2EE3}"
EndProject
Project("{8BC9CEB8-8B4A-11D0-8D11-00A0C91BC942}") = "ps_02", "ps_2\ps_2.vcxproj", "{0507EB11-36F2-4879-A212-ABB37E95CA52}"
EndProject
Project("{8BC9CEB8-8B4A-11D0-8D11-00A0C91BC942}") = "ps_03", "ps_3\ps_3.vcxproj", "{A41621B6-5778-4000-B4EB-F27A5762C7FB}"
EndProject
Project("{8BC9CEB8-8B4A-11D0-8D11-00A0C91BC942}") = "ps_04", "ps_4\ps_4.vcxproj", "{162564B5-A81D-4225-B22D-F918E1178F0F}"
EndProject
Project("{8BC9CEB8-8B4A-11D0-8D11-00A0C91BC942}") = "ps_05", "ps_5\ps_5.vcxproj", "{54F7927E-135B-4691-B7A1-B574E10E9A0C}"
EndProject
Project("{8BC9CEB8-8B4A-11D0-8D11-00A0C91BC942}") = "ps_06", "ps_6\ps_6.vcxproj", "{52660F19-1B65-48ED-AD91-438F24FE9346}"
EndProject
Project("{8BC9CEB8-8B4A-11D0-8D11-00A0C91BC942}") = "ps_07", "ps_7\ps_7.vcxproj", "{D1471594-184A-4AAE-906D-1AC009364542}"
EndProject
Project("{8BC9CEB8-8B4A-11D0-8D11-00A0C91BC942}") = "ps_08", "ps_8\ps_8.vcxproj", "{58B00BF5-FB2D-4D50-B306-6EA0A3A7A1A3}"
EndProject
Project("{8BC9CEB8-8B4A-11D0-8D11-00A0C91BC942}") = "ps_09", "ps_9\ps_9.vcxproj", "{426D4CB0-F76E-407C-9D14-6F7669E38523}"
EndProject
Project("{8BC9CEB8-8B4A-11D0-8D11-00A0C91BC942}") = "ps_10", "ps_10\ps_10.vcxproj", "{50253A2E-7E25-46DD-82C1-AF1458C24A8B}"
EndProject
Project("{8BC9CEB8-8B4A-11D0-8D11-00A0C91BC942}") = "ps_11", "ps_11\ps_11.vcxproj", "{C2D2D092-9E47-43A1-9645-4178958AA575}"
EndProject
Project("{8BC9CEB8-8B4A-11D0-8D11-00A0C91BC942}") = "ps_12", "ps_12\ps_12.vcxproj", "{7511B9B1-A15F-408E-8EF5-EFA5FF4C0454}"
EndProject
Project("{8BC9CEB8-8B4A-11D0-8D11-00A0C91BC942}") = "ps_13", "ps_13\ps_13.vcxproj", "{9722A52C-6D47-49EF-BF80-D19AA785CF50}"
EndProject
Project("{8BC9CEB8-8B4A-11D0-8D11-00A0C91BC942}") = "ps_14", "ps_14\ps_14.vcxproj", "{26164137-33A4-4376-BCEE-B54A6A2164DD}"
EndProject
Project("{8BC9CEB8-8B4A-11D0-8D11-00A0C91BC942}") = "ps_15", "ps_15\ps_15.vcxproj", "{6D1C6100-3888-4034-8482-D2568A81E597}"
EndProject
Project("{8BC9CEB8-8B4A-11D0-8D11-00A0C91BC942}") = "ps_16", "ps_16\ps_16.vcxproj", "{05A36D2D-3616-49BC-B478-2DB723EE2ECE}"
EndProject
Project("{8BC9CEB8-8B4A-11D0-8D11-00A0C91BC942}") = "ps_17", "ps_17\ps_17.vcxproj", "{4A7CF33B-C6C8-4F5C-A300-9CBDE747CE84}"
EndProject
Project("{8BC9CEB8-8B4A-11D0-8D11-00A0C91BC942}") = "ps_18", "ps_18\ps_18.vcxproj", "{E415D1AD-D6EC-4AB9-9FF5-D42B342A7F3E}"
EndProject
Project("{8BC9CEB8-8B4A-11D0-8D11-00A0C91BC942}") = "ps_19", "ps_19\ps_19.vcxproj", "{DDBC25FA-186C-412A-8FDF-483D7F68D229}"
EndProject
Project("{8BC9CEB8-8B4A-11D0-8D11-00A0C91BC942}") = "ps_20", "ps_20\ps_20.vcxproj", "{D63D4F9D-8C2D-445C-B505-ABFC087C8DBE}"
EndProject
Project("{8BC9CEB8-8B4A-11D0-8D11-00A0C91BC942}") = "ps_21", "ps_21\ps_21.vcxproj", "{0EEBCC73-F4A5-4158-88AF-C105A59DDD26}"
EndProject
Project("{8BC9CEB8-8B4A-11D0-8D11-00A0C91BC942}") = "ps_22", "ps_22\ps_22.vcxproj", "{7E2E377D-603A-4CC4-8580-E14E927DEE3D}"
EndProject
Project("{8BC9CEB8-8B4A-11D0-8D11-00A0C91BC942}") = "ps_23", "ps_23\ps_23.vcxproj", "{52980483-F632-4512-BDEA-097B8D7C9106}"
EndProject
Project("{8BC9CEB8-8B4A-11D0-8D11-00A0C91BC942}") = "ps_24", "ps_24\ps_24.vcxproj", "{B85C1DFF-076F-4017-94A2-F0D9B6AADF49}"
EndProject
Project("{8BC9CEB8-8B4A-11D0-8D11-00A0C91BC942}") = "ps_25", "25\25.vcxproj", "{275B0C5B-D58B-45F5-9484-AE217F519BFB}"
EndProject
Project("{8BC9CEB8-8B4A-11D0-8D11-00A0C91BC942}") = "ps_26", "ps_26\ps_26.vcxproj", "{A891BE7E-5543-4A61-9E14-6974E0BCEFE5}"
EndProject
Project("{8BC9CEB8-8B4A-11D0-8D11-00A0C91BC942}") = "ps_27", "ps_27\ps_27.vcxproj", "{E78A7A7D-47EB-485A-999E-E55217B0A86F}"
EndProject
Project("{8BC9CEB8-8B4A-11D0-8D11-00A0C91BC942}") = "ps_28", "ps_28\ps_28.vcxproj", "{5941B2F7-8A49-4C60-8222-4C6B98FF7F1E}"
EndProject
Project("{8BC9CEB8-8B4A-11D0-8D11-00A0C91BC942}") = "ps_29", "ps_29\ps_29.vcxproj", "{EE289E89-AFAC-4257-B518-6CA2CCD6305C}"
EndProject
Project("{8BC9CEB8-8B4A-11D0-8D11-00A0C91BC942}") = "ps_30", "ps_30\ps_30.vcxproj", "{D378B021-8D09-44FD-A169-632249AD14F4}"
EndProject
Project("{8BC9CEB8-8B4A-11D0-8D11-00A0C91BC942}") = "ps_31", "ps_31\ps_31.vcxproj", "{7ED99D0F-F94F-4209-B81E-B3859A7B26F2}"
EndProject
Project("{8BC9CEB8-8B4A-11D0-8D11-00A0C91BC942}") = "ps_32", "ps_32\ps_32.vcxproj", "{6900CAC0-EF57-4A1E-9D36-97B080CA02FB}"
EndProject
Project("{8BC9CEB8-8B4A-11D0-8D11-00A0C91BC942}") = "ps_33", "ps_33\ps_33.vcxproj", "{090F4A53-FBD2-4CC8-BFBD-49DD2F604714}"
EndProject
Project("{8BC9CEB8-8B4A-11D0-8D11-00A0C91BC942}") = "ps_34", "ps_34\ps_34.vcxproj", "{9CBD85B6-4889-4C85-9D6C-B607F9E6933F}"
EndProject
Project("{8BC9CEB8-8B4A-11D0-8D11-00A0C91BC942}") = "ps_35", "ps_35\ps_35.vcxproj", "{AD4BD450-2D0B-446C-93C4-AB45E0E23712}"
EndProject
Project("{8BC9CEB8-8B4A-11D0-8D11-00A0C91BC942}") = "ps_36", "ps_36\ps_36.vcxproj", "{EE448B42-70D8-4E6D-98A0-1C256B8D16E7}"
EndProject
Project("{8BC9CEB8-8B4A-11D0-8D11-00A0C91BC942}") = "ps_37", "ps_37\ps_37.vcxproj", "{37D04770-7E61-4779-A2A1-3C66AEA820C2}"
EndProject
Project("{8BC9CEB8-8B4A-11D0-8D11-00A0C91BC942}") = "ps_38", "ps_38\ps_38.vcxproj", "{1DC0013E-1D2F-40FF-ACEE-24BEDF650B47}"
EndProject
Project("{8BC9CEB8-8B4A-11D0-8D11-00A0C91BC942}") = "ps_39", "ps_39\ps_39.vcxproj", "{2D018BB2-5067-4E9F-92DE-EADFBE4DD577}"
EndProject
Project("{8BC9CEB8-8B4A-11D0-8D11-00A0C91BC942}") = "ps_40", "ps_40\ps_40.vcxproj", "{D503A3E0-49F9-4E30-96F5-116ADB173737}"
EndProject
Project("{8BC9CEB8-8B4A-11D0-8D11-00A0C91BC942}") = "ps_41", "ps_41\ps_41.vcxproj", "{C77F39D3-752A-4A12-A646-114D76710BD6}"
EndProject
Project("{8BC9CEB8-8B4A-11D0-8D11-00A0C91BC942}") = "ps_39_a", "ps_39_a\ps_39_a.vcxproj", "{2629934B-EE4B-49E4-9759-53CE5DF7CC7A}"
EndProject
Project("{8BC9CEB8-8B4A-11D0-8D11-00A0C91BC942}") = "ps_42", "ps_42\ps_42.vcxproj", "{98385769-56CF-4258-9896-23ACA91A3B43}"
EndProject
Project("{8BC9CEB8-8B4A-11D0-8D11-00A0C91BC942}") = "ps_43", "ps_43\ps_43.vcxproj", "{03984DF0-FDDB-460F-97C7-9D8F4B0C7EDA}"
EndProject
Project("{8BC9CEB8-8B4A-11D0-8D11-00A0C91BC942}") = "ps_44", "ps__44\ps__44.vcxproj", "{4A5E17EA-A971-497E-AC1E-8CAE265527E9}"
EndProject
Project("{8BC9CEB8-8B4A-11D0-8D11-00A0C91BC942}") = "ps_45", "ps_45\ps_45.vcxproj", "{6ED87F6A-AB9F-453B-9273-3418B72F95D9}"
EndProject
Project("{8BC9CEB8-8B4A-11D0-8D11-00A0C91BC942}") = "ps_45_a", "ps_45_a\ps_45_a.vcxproj", "{FE62B72F-AC53-4FFE-BF08-4DF714DE4E22}"
EndProject
Project("{8BC9CEB8-8B4A-11D0-8D11-00A0C91BC942}") = "ps_46", "ps_46\ps_46.vcxproj", "{B833542F-FCCD-4C81-8437-90F8A6B65A6B}"
EndProject
Project("{8BC9CEB8-8B4A-11D0-8D11-00A0C91BC942}") = "ps_47", "ps_47\ps_47.vcxproj", "{120D5B6E-9F15-4ADF-AA22-5623B033B2C7}"
EndProject
Project("{8BC9CEB8-8B4A-11D0-8D11-00A0C91BC942}") = "ps_48", "ps_48\ps_48.vcxproj", "{77437CC7-11F1-4DEE-B4F5-28CA658B117D}"
EndProject
Project("{8BC9CEB8-8B4A-11D0-8D11-00A0C91BC942}") = "ps_49", "ps_49\ps_49.vcxproj", "{E21AAC7E-7DF3-4F58-9FD3-139DFBB3A4CE}"
EndProject
Project("{8BC9CEB8-8B4A-11D0-8D11-00A0C91BC942}") = "ps_50", "ps_50\ps_50.vcxproj", "{EC22559C-F9CE-45B4-932A-C85CA2529EE5}"
EndProject
Project("{8BC9CEB8-8B4A-11D0-8D11-00A0C91BC942}") = "ps_51", "ps_51\ps_51.vcxproj", "{F37057C7-0D92-47CD-BB04-9A169B22C750}"
EndProject
Project("{8BC9CEB8-8B4A-11D0-8D11-00A0C91BC942}") = "ps_52", "ps_52\ps_52.vcxproj", "{A666D137-C6E5-4D8F-AA7A-2E7E891FED3D}"
EndProject
Project("{8BC9CEB8-8B4A-11D0-8D11-00A0C91BC942}") = "ps_53", "ps_53\ps_53.vcxproj", "{3B7EACD3-F989-43D2-A006-540AC064CEDB}"
EndProject
Project("{8BC9CEB8-8B4A-11D0-8D11-00A0C91BC942}") = "ps_54", "ps_54\ps_54.vcxproj", "{203F3262-9B8B-4A61-B10B-FB80874ED0DC}"
EndProject
Project("{8BC9CEB8-8B4A-11D0-8D11-00A0C91BC942}") = "ps_55", "ps_55\ps_55.vcxproj", "{53770F39-70B8-497C-9D52-DF3D93935ED2}"
EndProject
Project("{8BC9CEB8-8B4A-11D0-8D11-00A0C91BC942}") = "ps_55_a", "ps_55_a\ps_55_a.vcxproj", "{DFAAFCE5-0A2F-4272-A7C5-F1DCB63682FA}"
EndProject
Project("{8BC9CEB8-8B4A-11D0-8D11-00A0C91BC942}") = "ps_56", "ps_56\ps_56.vcxproj", "{A524F334-73B7-45F7-AA17-7D0A8496B846}"
EndProject
Project("{8BC9CEB8-8B4A-11D0-8D11-00A0C91BC942}") = "ps_57", "ps_57\ps_57.vcxproj", "{5F92B41F-A05B-4B51-A863-A1CD49AFE2BE}"
EndProject
Project("{8BC9CEB8-8B4A-11D0-8D11-00A0C91BC942}") = "ps_58", "ps_58\ps_58.vcxproj", "{1156DDF8-91AE-48D7-8A45-211A3CEE10A4}"
EndProject
Project("{8BC9CEB8-8B4A-11D0-8D11-00A0C91BC942}") = "ps_59", "ps_59\ps_59.vcxproj", "{1B8F3C19-8142-46E5-90CC-A1671D2D36A9}"
EndProject
Project("{8BC9CEB8-8B4A-11D0-8D11-00A0C91BC942}") = "ps_60", "ps_60\ps_60.vcxproj", "{44D861E1-A751-436F-841A-EB62E9DC2DB6}"
EndProject
Project("{8BC9CEB8-8B4A-11D0-8D11-00A0C91BC942}") = "ps_60_a", "ps_60_a\ps_60_a.vcxproj", "{A73BC08B-3236-4FA2-8E58-0AA6498642A3}"
EndProject
Project("{8BC9CEB8-8B4A-11D0-8D11-00A0C91BC942}") = "ps_61", "ps_61\ps_61.vcxproj", "{FDDB1B7D-F58F-4FE3-980A-B74B1AAAA40E}"
EndProject
Project("{8BC9CEB8-8B4A-11D0-8D11-00A0C91BC942}") = "ps_62", "ps_62\ps_62.vcxproj", "{2A736D1E-B8B6-4B1A-9A3D-87796B4D8FCC}"
EndProject
Project("{8BC9CEB8-8B4A-11D0-8D11-00A0C91BC942}") = "ps_63", "ps_63\ps_63.vcxproj", "{9701A357-B593-4E69-BA88-313488BB8339}"
EndProject
Project("{8BC9CEB8-8B4A-11D0-8D11-00A0C91BC942}") = "ps_64", "ps_64\ps_64.vcxproj", "{64E4CA7E-79AC-4219-85F9-12A2EC81EE1F}"
EndProject
Project("{8BC9CEB8-8B4A-11D0-8D11-00A0C91BC942}") = "ps_65", "ps_65\ps_65.vcxproj", "{943314DC-9993-4591-926D-EB5D4E405B56}"
EndProject
Project("{8BC9CEB8-8B4A-11D0-8D11-00A0C91BC942}") = "ps_66", "ps_66\ps_66.vcxproj", "{EA8F5D39-B9A0-498C-9BC6-17EABABCEE1B}"
EndProject
Project("{8BC9CEB8-8B4A-11D0-8D11-00A0C91BC942}") = "ps_67", "ps_67\ps_67.vcxproj", "{A1DD0B58-AE79-4A63-9439-CC76C5EC3CA7}"
EndProject
Project("{8BC9CEB8-8B4A-11D0-8D11-00A0C91BC942}") = "ps_68", "ps_68\ps_68.vcxproj", "{4AB6B196-EF40-434A-BD1A-0987FAE14FE5}"
EndProject
Project("{8BC9CEB8-8B4A-11D0-8D11-00A0C91BC942}") = "ps_69", "ps_69\ps_69.vcxproj", "{8CA61D59-F09F-419B-B7B1-F3B7D0B81A66}"
EndProject
Project("{8BC9CEB8-8B4A-11D0-8D11-00A0C91BC942}") = "ps_70", "ps_70\ps_70.vcxproj", "{DFE16FA8-6B5F-48A3-877E-2A9C4CD00387}"
EndProject
Project("{8BC9CEB8-8B4A-11D0-8D11-00A0C91BC942}") = "ps_70_a", "ps_70_a\ps_70_a.vcxproj", "{9BBF8D4E-9E5C-403E-BA94-858B56714079}"
EndProject
Project("{8BC9CEB8-8B4A-11D0-8D11-00A0C91BC942}") = "ps_71", "ps_71\ps_71.vcxproj", "{940AC8D7-4894-4087-85BC-C2097E57394F}"
EndProject
Project("{8BC9CEB8-8B4A-11D0-8D11-00A0C91BC942}") = "ps_72", "ps_72\ps_72.vcxproj", "{440B05CF-A65F-4C0F-9082-0A4A2A696791}"
EndProject
Project("{8BC9CEB8-8B4A-11D0-8D11-00A0C91BC942}") = "ps_73", "ps_73\ps_73.vcxproj", "{C5E8F8F2-10A3-4ACD-8121-A60098AC44EE}"
EndProject
Project("{8BC9CEB8-8B4A-11D0-8D11-00A0C91BC942}") = "ps_74", "ps_74\ps_74.vcxproj", "{07912D13-9116-4572-B976-D3C7103A9E0B}"
EndProject
Project("{8BC9CEB8-8B4A-11D0-8D11-00A0C91BC942}") = "ps_75", "ps_75\ps_75.vcxproj", "{8528BDEA-D76D-49E6-9A64-DAFA1E3C416A}"
EndProject
Project("{8BC9CEB8-8B4A-11D0-8D11-00A0C91BC942}") = "ps_76", "ps_76\ps_76.vcxproj", "{44E65BAA-BEA4-4F5C-AC68-0393D6E39B93}"
EndProject
Project("{8BC9CEB8-8B4A-11D0-8D11-00A0C91BC942}") = "ps_77", "ps_77\ps_77.vcxproj", "{968AFDAF-2581-42F0-B3F1-4F04DF7761FF}"
EndProject
Project("{8BC9CEB8-8B4A-11D0-8D11-00A0C91BC942}") = "ps_77_a", "ps_77_a\ps_77_a.vcxproj", "{35329AFB-EBC7-48B0-88C5-5409D74C9695}"
EndProject
Project("{8BC9CEB8-8B4A-11D0-8D11-00A0C91BC942}") = "ps_78", "ps_78\ps_78.vcxproj", "{E43F6B5F-40F3-46A7-B7EC-F32A7C43AC3E}"
EndProject
Project("{8BC9CEB8-8B4A-11D0-8D11-00A0C91BC942}") = "ps_79", "ps_79\ps_79.vcxproj", "{C9426F67-1C24-40B8-95E3-8F402BF463F3}"
EndProject
Project("{8BC9CEB8-8B4A-11D0-8D11-00A0C91BC942}") = "ps_80", "ps_80\ps_80.vcxproj", "{F9801352-51BC-4E8C-A3FE-03BC5CAE32F7}"
EndProject
Project("{8BC9CEB8-8B4A-11D0-8D11-00A0C91BC942}") = "ps_80_a", "ps_80_a\ps_80_a.vcxproj", "{66EE9185-5998-4F81-B118-65EF88A7C8C5}"
EndProject
Project("{8BC9CEB8-8B4A-11D0-8D11-00A0C91BC942}") = "ps_81", "ps_81\ps_81.vcxproj", "{CC3A4B32-1230-44B1-B0AE-72B7DCA3B320}"
EndProject
Project("{8BC9CEB8-8B4A-11D0-8D11-00A0C91BC942}") = "ps_82", "ps_82\ps_82.vcxproj", "{0C295443-4380-49F9-B9AE-E6E889A3D04E}"
EndProject
Project("{8BC9CEB8-8B4A-11D0-8D11-00A0C91BC942}") = "ps_83", "ps_83\ps_83.vcxproj", "{79D38BC7-5796-400E-BF30-8CA54A825BDA}"
EndProject
Project("{8BC9CEB8-8B4A-11D0-8D11-00A0C91BC942}") = "ps_84", "ps_84\ps_84.vcxproj", "{E6B1AFD9-6379-47FD-AFFB-1E7B75B24165}"
EndProject
Project("{8BC9CEB8-8B4A-11D0-8D11-00A0C91BC942}") = "ps_85", "ps_85\ps_85.vcxproj", "{B10B6865-9B3D-4F38-8D69-24947E414A92}"
EndProject
Project("{8BC9CEB8-8B4A-11D0-8D11-00A0C91BC942}") = "ps_86", "ps_86\ps_86.vcxproj", "{C622F75C-2161-4C84-B17C-4610A137DF57}"
EndProject
Project("{8BC9CEB8-8B4A-11D0-8D11-00A0C91BC942}") = "ps_87", "ps_87\ps_87.vcxproj", "{BA31EB17-57B6-43C0-8212-4D6ABFE21294}"
EndProject
Project("{8BC9CEB8-8B4A-11D0-8D11-00A0C91BC942}") = "ps_88", "ps_88\ps_88.vcxproj", "{28060FC0-E6F3-45B1-925B-5F2684E6EB80}"
EndProject
Project("{8BC9CEB8-8B4A-11D0-8D11-00A0C91BC942}") = "ps_89", "ps_89\ps_89.vcxproj", "{890D6ED0-85B9-4F2F-9730-095D659B5C42}"
EndProject
Project("{8BC9CEB8-8B4A-11D0-8D11-00A0C91BC942}") = "ps_90", "ps_90\ps_90.vcxproj", "{42EB0326-C5ED-45C2-9458-47F661512929}"
EndProject
Project("{8BC9CEB8-8B4A-11D0-8D11-00A0C91BC942}") = "ps_map", "ps_map\ps_map.vcxproj", "{5F6B79C7-C6A1-407A-8B3D-AC0EFC643237}"
EndProject
Project("{8BC9CEB8-8B4A-11D0-8D11-00A0C91BC942}") = "ps_dp_00", "ps_dp_00\ps_dp_00.vcxproj", "{C7BEB583-95BD-4B54-A497-20CBF47B5228}"
EndProject
Project("{8BC9CEB8-8B4A-11D0-8D11-00A0C91BC942}") = "ps_dp_01", "ps_dp_01\ps_dp_01.vcxproj", "{27C48D7C-AFDA-4CA3-BBF8-BD3C50E4D80C}"
EndProject
Project("{8BC9CEB8-8B4A-11D0-8D11-00A0C91BC942}") = "ps_dp_02", "ps_dp_02\ps_dp_02.vcxproj", "{6C838319-01FC-4ACE-84A7-551B35BFE482}"
EndProject
Project("{8BC9CEB8-8B4A-11D0-8D11-00A0C91BC942}") = "ps_dp_03_1", "ps_dp_03\ps_dp_03.vcxproj", "{EC56E3D5-8D34-45C1-8722-598B8D36C128}"
EndProject
Project("{8BC9CEB8-8B4A-11D0-8D11-00A0C91BC942}") = "ps_dp_03_2", "ps_dp_03_2\ps_dp_03_2.vcxproj", "{85F3FCA5-A50F-4D48-8960-F2B253157116}"
EndProject
Project("{8BC9CEB8-8B4A-11D0-8D11-00A0C91BC942}") = "ps_dp_04", "ps_dp_04\ps_dp_04.vcxproj", "{A341C5B2-ED5D-42E0-B0A4-B5A09F09B408}"
EndProject
Project("{8BC9CEB8-8B4A-11D0-8D11-00A0C91BC942}") = "ps_dp_05", "ps_dp_05\ps_dp_05.vcxproj", "{D1D630A6-A3D0-482E-A0C1-DA5B12F39253}"
EndProject
Project("{8BC9CEB8-8B4A-11D0-8D11-00A0C91BC942}") = "ps_dp_06", "ps_dp_06\ps_dp_06.vcxproj", "{DCFD3342-5A66-4AFA-A1CF-3F9F1A15C76C}"
EndProject
Project("{8BC9CEB8-8B4A-11D0-8D11-00A0C91BC942}") = "ps_dp_07", "ps_dp_07\ps_dp_07.vcxproj", "{07B00930-9E83-4FBE-99CE-152349281BAE}"
EndProject
Project("{8BC9CEB8-8B4A-11D0-8D11-00A0C91BC942}") = "ps_dp_08", "ps_dp_08\ps_dp_08.vcxproj", "{7F271265-E1E1-4889-BA7D-19B77FAFD648}"
EndProject
Project("{8BC9CEB8-8B4A-11D0-8D11-00A0C91BC942}") = "ps_dp_09", "ps_dp_09\ps_dp_09.vcxproj", "{7F1FCAD4-5375-4669-921C-F55E6C8993BE}"
EndProject
Project("{8BC9CEB8-8B4A-11D0-8D11-00A0C91BC942}") = "ps_dp_10", "ps_dp_10\ps_dp_10.vcxproj", "{54FDE996-97B9-4DCC-82A5-976FAFE6594C}"
EndProject
Project("{8BC9CEB8-8B4A-11D0-8D11-00A0C91BC942}") = "ps_dp_11", "ps_dp_11\ps_dp_11.vcxproj", "{1DECC404-AF4E-424E-8775-9FD2AADF6F68}"
EndProject
Global
	GlobalSection(SolutionConfigurationPlatforms) = preSolution
		Debug|x64 = Debug|x64
		Debug|x86 = Debug|x86
		Release|x64 = Release|x64
		Release|x86 = Release|x86
	EndGlobalSection
	GlobalSection(ProjectConfigurationPlatforms) = postSolution
		{0CF06F90-FB4F-493E-A1F5-57B6984B2EE3}.Debug|x64.ActiveCfg = Debug|x64
		{0CF06F90-FB4F-493E-A1F5-57B6984B2EE3}.Debug|x64.Build.0 = Debug|x64
		{0CF06F90-FB4F-493E-A1F5-57B6984B2EE3}.Debug|x86.ActiveCfg = Debug|Win32
		{0CF06F90-FB4F-493E-A1F5-57B6984B2EE3}.Debug|x86.Build.0 = Debug|Win32
		{0CF06F90-FB4F-493E-A1F5-57B6984B2EE3}.Release|x64.ActiveCfg = Release|x64
		{0CF06F90-FB4F-493E-A1F5-57B6984B2EE3}.Release|x64.Build.0 = Release|x64
		{0CF06F90-FB4F-493E-A1F5-57B6984B2EE3}.Release|x86.ActiveCfg = Release|Win32
		{0CF06F90-FB4F-493E-A1F5-57B6984B2EE3}.Release|x86.Build.0 = Release|Win32
		{0507EB11-36F2-4879-A212-ABB37E95CA52}.Debug|x64.ActiveCfg = Debug|x64
		{0507EB11-36F2-4879-A212-ABB37E95CA52}.Debug|x64.Build.0 = Debug|x64
		{0507EB11-36F2-4879-A212-ABB37E95CA52}.Debug|x86.ActiveCfg = Debug|Win32
		{0507EB11-36F2-4879-A212-ABB37E95CA52}.Debug|x86.Build.0 = Debug|Win32
		{0507EB11-36F2-4879-A212-ABB37E95CA52}.Release|x64.ActiveCfg = Release|x64
		{0507EB11-36F2-4879-A212-ABB37E95CA52}.Release|x64.Build.0 = Release|x64
		{0507EB11-36F2-4879-A212-ABB37E95CA52}.Release|x86.ActiveCfg = Release|Win32
		{0507EB11-36F2-4879-A212-ABB37E95CA52}.Release|x86.Build.0 = Release|Win32
		{A41621B6-5778-4000-B4EB-F27A5762C7FB}.Debug|x64.ActiveCfg = Debug|x64
		{A41621B6-5778-4000-B4EB-F27A5762C7FB}.Debug|x64.Build.0 = Debug|x64
		{A41621B6-5778-4000-B4EB-F27A5762C7FB}.Debug|x86.ActiveCfg = Debug|Win32
		{A41621B6-5778-4000-B4EB-F27A5762C7FB}.Debug|x86.Build.0 = Debug|Win32
		{A41621B6-5778-4000-B4EB-F27A5762C7FB}.Release|x64.ActiveCfg = Release|x64
		{A41621B6-5778-4000-B4EB-F27A5762C7FB}.Release|x64.Build.0 = Release|x64
		{A41621B6-5778-4000-B4EB-F27A5762C7FB}.Release|x86.ActiveCfg = Release|Win32
		{A41621B6-5778-4000-B4EB-F27A5762C7FB}.Release|x86.Build.0 = Release|Win32
		{162564B5-A81D-4225-B22D-F918E1178F0F}.Debug|x64.ActiveCfg = Debug|x64
		{162564B5-A81D-4225-B22D-F918E1178F0F}.Debug|x64.Build.0 = Debug|x64
		{162564B5-A81D-4225-B22D-F918E1178F0F}.Debug|x86.ActiveCfg = Debug|Win32
		{162564B5-A81D-4225-B22D-F918E1178F0F}.Debug|x86.Build.0 = Debug|Win32
		{162564B5-A81D-4225-B22D-F918E1178F0F}.Release|x64.ActiveCfg = Release|x64
		{162564B5-A81D-4225-B22D-F918E1178F0F}.Release|x64.Build.0 = Release|x64
		{162564B5-A81D-4225-B22D-F918E1178F0F}.Release|x86.ActiveCfg = Release|Win32
		{162564B5-A81D-4225-B22D-F918E1178F0F}.Release|x86.Build.0 = Release|Win32
		{54F7927E-135B-4691-B7A1-B574E10E9A0C}.Debug|x64.ActiveCfg = Debug|x64
		{54F7927E-135B-4691-B7A1-B574E10E9A0C}.Debug|x64.Build.0 = Debug|x64
		{54F7927E-135B-4691-B7A1-B574E10E9A0C}.Debug|x86.ActiveCfg = Debug|Win32
		{54F7927E-135B-4691-B7A1-B574E10E9A0C}.Debug|x86.Build.0 = Debug|Win32
		{54F7927E-135B-4691-B7A1-B574E10E9A0C}.Release|x64.ActiveCfg = Release|x64
		{54F7927E-135B-4691-B7A1-B574E10E9A0C}.Release|x64.Build.0 = Release|x64
		{54F7927E-135B-4691-B7A1-B574E10E9A0C}.Release|x86.ActiveCfg = Release|Win32
		{54F7927E-135B-4691-B7A1-B574E10E9A0C}.Release|x86.Build.0 = Release|Win32
		{52660F19-1B65-48ED-AD91-438F24FE9346}.Debug|x64.ActiveCfg = Debug|x64
		{52660F19-1B65-48ED-AD91-438F24FE9346}.Debug|x64.Build.0 = Debug|x64
		{52660F19-1B65-48ED-AD91-438F24FE9346}.Debug|x86.ActiveCfg = Debug|Win32
		{52660F19-1B65-48ED-AD91-438F24FE9346}.Debug|x86.Build.0 = Debug|Win32
		{52660F19-1B65-48ED-AD91-438F24FE9346}.Release|x64.ActiveCfg = Release|x64
		{52660F19-1B65-48ED-AD91-438F24FE9346}.Release|x64.Build.0 = Release|x64
		{52660F19-1B65-48ED-AD91-438F24FE9346}.Release|x86.ActiveCfg = Release|Win32
		{52660F19-1B65-48ED-AD91-438F24FE9346}.Release|x86.Build.0 = Release|Win32
		{D1471594-184A-4AAE-906D-1AC009364542}.Debug|x64.ActiveCfg = Debug|x64
		{D1471594-184A-4AAE-906D-1AC009364542}.Debug|x64.Build.0 = Debug|x64
		{D1471594-184A-4AAE-906D-1AC009364542}.Debug|x86.ActiveCfg = Debug|Win32
		{D1471594-184A-4AAE-906D-1AC009364542}.Debug|x86.Build.0 = Debug|Win32
		{D1471594-184A-4AAE-906D-1AC009364542}.Release|x64.ActiveCfg = Release|x64
		{D1471594-184A-4AAE-906D-1AC009364542}.Release|x64.Build.0 = Release|x64
		{D1471594-184A-4AAE-906D-1AC009364542}.Release|x86.ActiveCfg = Release|Win32
		{D1471594-184A-4AAE-906D-1AC009364542}.Release|x86.Build.0 = Release|Win32
		{58B00BF5-FB2D-4D50-B306-6EA0A3A7A1A3}.Debug|x64.ActiveCfg = Debug|x64
		{58B00BF5-FB2D-4D50-B306-6EA0A3A7A1A3}.Debug|x64.Build.0 = Debug|x64
		{58B00BF5-FB2D-4D50-B306-6EA0A3A7A1A3}.Debug|x86.ActiveCfg = Debug|Win32
		{58B00BF5-FB2D-4D50-B306-6EA0A3A7A1A3}.Debug|x86.Build.0 = Debug|Win32
		{58B00BF5-FB2D-4D50-B306-6EA0A3A7A1A3}.Release|x64.ActiveCfg = Release|x64
		{58B00BF5-FB2D-4D50-B306-6EA0A3A7A1A3}.Release|x64.Build.0 = Release|x64
		{58B00BF5-FB2D-4D50-B306-6EA0A3A7A1A3}.Release|x86.ActiveCfg = Release|Win32
		{58B00BF5-FB2D-4D50-B306-6EA0A3A7A1A3}.Release|x86.Build.0 = Release|Win32
		{426D4CB0-F76E-407C-9D14-6F7669E38523}.Debug|x64.ActiveCfg = Debug|x64
		{426D4CB0-F76E-407C-9D14-6F7669E38523}.Debug|x64.Build.0 = Debug|x64
		{426D4CB0-F76E-407C-9D14-6F7669E38523}.Debug|x86.ActiveCfg = Debug|Win32
		{426D4CB0-F76E-407C-9D14-6F7669E38523}.Debug|x86.Build.0 = Debug|Win32
		{426D4CB0-F76E-407C-9D14-6F7669E38523}.Release|x64.ActiveCfg = Release|x64
		{426D4CB0-F76E-407C-9D14-6F7669E38523}.Release|x64.Build.0 = Release|x64
		{426D4CB0-F76E-407C-9D14-6F7669E38523}.Release|x86.ActiveCfg = Release|Win32
		{426D4CB0-F76E-407C-9D14-6F7669E38523}.Release|x86.Build.0 = Release|Win32
		{50253A2E-7E25-46DD-82C1-AF1458C24A8B}.Debug|x64.ActiveCfg = Debug|x64
		{50253A2E-7E25-46DD-82C1-AF1458C24A8B}.Debug|x64.Build.0 = Debug|x64
		{50253A2E-7E25-46DD-82C1-AF1458C24A8B}.Debug|x86.ActiveCfg = Debug|Win32
		{50253A2E-7E25-46DD-82C1-AF1458C24A8B}.Debug|x86.Build.0 = Debug|Win32
		{50253A2E-7E25-46DD-82C1-AF1458C24A8B}.Release|x64.ActiveCfg = Release|x64
		{50253A2E-7E25-46DD-82C1-AF1458C24A8B}.Release|x64.Build.0 = Release|x64
		{50253A2E-7E25-46DD-82C1-AF1458C24A8B}.Release|x86.ActiveCfg = Release|Win32
		{50253A2E-7E25-46DD-82C1-AF1458C24A8B}.Release|x86.Build.0 = Release|Win32
		{C2D2D092-9E47-43A1-9645-4178958AA575}.Debug|x64.ActiveCfg = Debug|x64
		{C2D2D092-9E47-43A1-9645-4178958AA575}.Debug|x64.Build.0 = Debug|x64
		{C2D2D092-9E47-43A1-9645-4178958AA575}.Debug|x86.ActiveCfg = Debug|Win32
		{C2D2D092-9E47-43A1-9645-4178958AA575}.Debug|x86.Build.0 = Debug|Win32
		{C2D2D092-9E47-43A1-9645-4178958AA575}.Release|x64.ActiveCfg = Release|x64
		{C2D2D092-9E47-43A1-9645-4178958AA575}.Release|x64.Build.0 = Release|x64
		{C2D2D092-9E47-43A1-9645-4178958AA575}.Release|x86.ActiveCfg = Release|Win32
		{C2D2D092-9E47-43A1-9645-4178958AA575}.Release|x86.Build.0 = Release|Win32
		{7511B9B1-A15F-408E-8EF5-EFA5FF4C0454}.Debug|x64.ActiveCfg = Debug|x64
		{7511B9B1-A15F-408E-8EF5-EFA5FF4C0454}.Debug|x64.Build.0 = Debug|x64
		{7511B9B1-A15F-408E-8EF5-EFA5FF4C0454}.Debug|x86.ActiveCfg = Debug|Win32
		{7511B9B1-A15F-408E-8EF5-EFA5FF4C0454}.Debug|x86.Build.0 = Debug|Win32
		{7511B9B1-A15F-408E-8EF5-EFA5FF4C0454}.Release|x64.ActiveCfg = Release|x64
		{7511B9B1-A15F-408E-8EF5-EFA5FF4C0454}.Release|x64.Build.0 = Release|x64
		{7511B9B1-A15F-408E-8EF5-EFA5FF4C0454}.Release|x86.ActiveCfg = Release|Win32
		{7511B9B1-A15F-408E-8EF5-EFA5FF4C0454}.Release|x86.Build.0 = Release|Win32
		{9722A52C-6D47-49EF-BF80-D19AA785CF50}.Debug|x64.ActiveCfg = Debug|x64
		{9722A52C-6D47-49EF-BF80-D19AA785CF50}.Debug|x64.Build.0 = Debug|x64
		{9722A52C-6D47-49EF-BF80-D19AA785CF50}.Debug|x86.ActiveCfg = Debug|Win32
		{9722A52C-6D47-49EF-BF80-D19AA785CF50}.Debug|x86.Build.0 = Debug|Win32
		{9722A52C-6D47-49EF-BF80-D19AA785CF50}.Release|x64.ActiveCfg = Release|x64
		{9722A52C-6D47-49EF-BF80-D19AA785CF50}.Release|x64.Build.0 = Release|x64
		{9722A52C-6D47-49EF-BF80-D19AA785CF50}.Release|x86.ActiveCfg = Release|Win32
		{9722A52C-6D47-49EF-BF80-D19AA785CF50}.Release|x86.Build.0 = Release|Win32
		{26164137-33A4-4376-BCEE-B54A6A2164DD}.Debug|x64.ActiveCfg = Debug|x64
		{26164137-33A4-4376-BCEE-B54A6A2164DD}.Debug|x64.Build.0 = Debug|x64
		{26164137-33A4-4376-BCEE-B54A6A2164DD}.Debug|x86.ActiveCfg = Debug|Win32
		{26164137-33A4-4376-BCEE-B54A6A2164DD}.Debug|x86.Build.0 = Debug|Win32
		{26164137-33A4-4376-BCEE-B54A6A2164DD}.Release|x64.ActiveCfg = Release|x64
		{26164137-33A4-4376-BCEE-B54A6A2164DD}.Release|x64.Build.0 = Release|x64
		{26164137-33A4-4376-BCEE-B54A6A2164DD}.Release|x86.ActiveCfg = Release|Win32
		{26164137-33A4-4376-BCEE-B54A6A2164DD}.Release|x86.Build.0 = Release|Win32
		{6D1C6100-3888-4034-8482-D2568A81E597}.Debug|x64.ActiveCfg = Debug|x64
		{6D1C6100-3888-4034-8482-D2568A81E597}.Debug|x64.Build.0 = Debug|x64
		{6D1C6100-3888-4034-8482-D2568A81E597}.Debug|x86.ActiveCfg = Debug|Win32
		{6D1C6100-3888-4034-8482-D2568A81E597}.Debug|x86.Build.0 = Debug|Win32
		{6D1C6100-3888-4034-8482-D2568A81E597}.Release|x64.ActiveCfg = Release|x64
		{6D1C6100-3888-4034-8482-D2568A81E597}.Release|x64.Build.0 = Release|x64
		{6D1C6100-3888-4034-8482-D2568A81E597}.Release|x86.ActiveCfg = Release|Win32
		{6D1C6100-3888-4034-8482-D2568A81E597}.Release|x86.Build.0 = Release|Win32
		{05A36D2D-3616-49BC-B478-2DB723EE2ECE}.Debug|x64.ActiveCfg = Debug|x64
		{05A36D2D-3616-49BC-B478-2DB723EE2ECE}.Debug|x64.Build.0 = Debug|x64
		{05A36D2D-3616-49BC-B478-2DB723EE2ECE}.Debug|x86.ActiveCfg = Debug|Win32
		{05A36D2D-3616-49BC-B478-2DB723EE2ECE}.Debug|x86.Build.0 = Debug|Win32
		{05A36D2D-3616-49BC-B478-2DB723EE2ECE}.Release|x64.ActiveCfg = Release|x64
		{05A36D2D-3616-49BC-B478-2DB723EE2ECE}.Release|x64.Build.0 = Release|x64
		{05A36D2D-3616-49BC-B478-2DB723EE2ECE}.Release|x86.ActiveCfg = Release|Win32
		{05A36D2D-3616-49BC-B478-2DB723EE2ECE}.Release|x86.Build.0 = Release|Win32
		{4A7CF33B-C6C8-4F5C-A300-9CBDE747CE84}.Debug|x64.ActiveCfg = Debug|x64
		{4A7CF33B-C6C8-4F5C-A300-9CBDE747CE84}.Debug|x64.Build.0 = Debug|x64
		{4A7CF33B-C6C8-4F5C-A300-9CBDE747CE84}.Debug|x86.ActiveCfg = Debug|Win32
		{4A7CF33B-C6C8-4F5C-A300-9CBDE747CE84}.Debug|x86.Build.0 = Debug|Win32
		{4A7CF33B-C6C8-4F5C-A300-9CBDE747CE84}.Release|x64.ActiveCfg = Release|x64
		{4A7CF33B-C6C8-4F5C-A300-9CBDE747CE84}.Release|x64.Build.0 = Release|x64
		{4A7CF33B-C6C8-4F5C-A300-9CBDE747CE84}.Release|x86.ActiveCfg = Release|Win32
		{4A7CF33B-C6C8-4F5C-A300-9CBDE747CE84}.Release|x86.Build.0 = Release|Win32
		{E415D1AD-D6EC-4AB9-9FF5-D42B342A7F3E}.Debug|x64.ActiveCfg = Debug|x64
		{E415D1AD-D6EC-4AB9-9FF5-D42B342A7F3E}.Debug|x64.Build.0 = Debug|x64
		{E415D1AD-D6EC-4AB9-9FF5-D42B342A7F3E}.Debug|x86.ActiveCfg = Debug|Win32
		{E415D1AD-D6EC-4AB9-9FF5-D42B342A7F3E}.Debug|x86.Build.0 = Debug|Win32
		{E415D1AD-D6EC-4AB9-9FF5-D42B342A7F3E}.Release|x64.ActiveCfg = Release|x64
		{E415D1AD-D6EC-4AB9-9FF5-D42B342A7F3E}.Release|x64.Build.0 = Release|x64
		{E415D1AD-D6EC-4AB9-9FF5-D42B342A7F3E}.Release|x86.ActiveCfg = Release|Win32
		{E415D1AD-D6EC-4AB9-9FF5-D42B342A7F3E}.Release|x86.Build.0 = Release|Win32
		{DDBC25FA-186C-412A-8FDF-483D7F68D229}.Debug|x64.ActiveCfg = Debug|x64
		{DDBC25FA-186C-412A-8FDF-483D7F68D229}.Debug|x64.Build.0 = Debug|x64
		{DDBC25FA-186C-412A-8FDF-483D7F68D229}.Debug|x86.ActiveCfg = Debug|Win32
		{DDBC25FA-186C-412A-8FDF-483D7F68D229}.Debug|x86.Build.0 = Debug|Win32
		{DDBC25FA-186C-412A-8FDF-483D7F68D229}.Release|x64.ActiveCfg = Release|x64
		{DDBC25FA-186C-412A-8FDF-483D7F68D229}.Release|x64.Build.0 = Release|x64
		{DDBC25FA-186C-412A-8FDF-483D7F68D229}.Release|x86.ActiveCfg = Release|Win32
		{DDBC25FA-186C-412A-8FDF-483D7F68D229}.Release|x86.Build.0 = Release|Win32
		{D63D4F9D-8C2D-445C-B505-ABFC087C8DBE}.Debug|x64.ActiveCfg = Debug|x64
		{D63D4F9D-8C2D-445C-B505-ABFC087C8DBE}.Debug|x64.Build.0 = Debug|x64
		{D63D4F9D-8C2D-445C-B505-ABFC087C8DBE}.Debug|x86.ActiveCfg = Debug|Win32
		{D63D4F9D-8C2D-445C-B505-ABFC087C8DBE}.Debug|x86.Build.0 = Debug|Win32
		{D63D4F9D-8C2D-445C-B505-ABFC087C8DBE}.Release|x64.ActiveCfg = Release|x64
		{D63D4F9D-8C2D-445C-B505-ABFC087C8DBE}.Release|x64.Build.0 = Release|x64
		{D63D4F9D-8C2D-445C-B505-ABFC087C8DBE}.Release|x86.ActiveCfg = Release|Win32
		{D63D4F9D-8C2D-445C-B505-ABFC087C8DBE}.Release|x86.Build.0 = Release|Win32
		{0EEBCC73-F4A5-4158-88AF-C105A59DDD26}.Debug|x64.ActiveCfg = Debug|x64
		{0EEBCC73-F4A5-4158-88AF-C105A59DDD26}.Debug|x64.Build.0 = Debug|x64
		{0EEBCC73-F4A5-4158-88AF-C105A59DDD26}.Debug|x86.ActiveCfg = Debug|Win32
		{0EEBCC73-F4A5-4158-88AF-C105A59DDD26}.Debug|x86.Build.0 = Debug|Win32
		{0EEBCC73-F4A5-4158-88AF-C105A59DDD26}.Release|x64.ActiveCfg = Release|x64
		{0EEBCC73-F4A5-4158-88AF-C105A59DDD26}.Release|x64.Build.0 = Release|x64
		{0EEBCC73-F4A5-4158-88AF-C105A59DDD26}.Release|x86.ActiveCfg = Release|Win32
		{0EEBCC73-F4A5-4158-88AF-C105A59DDD26}.Release|x86.Build.0 = Release|Win32
		{7E2E377D-603A-4CC4-8580-E14E927DEE3D}.Debug|x64.ActiveCfg = Debug|x64
		{7E2E377D-603A-4CC4-8580-E14E927DEE3D}.Debug|x64.Build.0 = Debug|x64
		{7E2E377D-603A-4CC4-8580-E14E927DEE3D}.Debug|x86.ActiveCfg = Debug|Win32
		{7E2E377D-603A-4CC4-8580-E14E927DEE3D}.Debug|x86.Build.0 = Debug|Win32
		{7E2E377D-603A-4CC4-8580-E14E927DEE3D}.Release|x64.ActiveCfg = Release|x64
		{7E2E377D-603A-4CC4-8580-E14E927DEE3D}.Release|x64.Build.0 = Release|x64
		{7E2E377D-603A-4CC4-8580-E14E927DEE3D}.Release|x86.ActiveCfg = Release|Win32
		{7E2E377D-603A-4CC4-8580-E14E927DEE3D}.Release|x86.Build.0 = Release|Win32
		{52980483-F632-4512-BDEA-097B8D7C9106}.Debug|x64.ActiveCfg = Debug|x64
		{52980483-F632-4512-BDEA-097B8D7C9106}.Debug|x64.Build.0 = Debug|x64
		{52980483-F632-4512-BDEA-097B8D7C9106}.Debug|x86.ActiveCfg = Debug|Win32
		{52980483-F632-4512-BDEA-097B8D7C9106}.Debug|x86.Build.0 = Debug|Win32
		{52980483-F632-4512-BDEA-097B8D7C9106}.Release|x64.ActiveCfg = Release|x64
		{52980483-F632-4512-BDEA-097B8D7C9106}.Release|x64.Build.0 = Release|x64
		{52980483-F632-4512-BDEA-097B8D7C9106}.Release|x86.ActiveCfg = Release|Win32
		{52980483-F632-4512-BDEA-097B8D7C9106}.Release|x86.Build.0 = Release|Win32
		{B85C1DFF-076F-4017-94A2-F0D9B6AADF49}.Debug|x64.ActiveCfg = Debug|x64
		{B85C1DFF-076F-4017-94A2-F0D9B6AADF49}.Debug|x64.Build.0 = Debug|x64
		{B85C1DFF-076F-4017-94A2-F0D9B6AADF49}.Debug|x86.ActiveCfg = Debug|Win32
		{B85C1DFF-076F-4017-94A2-F0D9B6AADF49}.Debug|x86.Build.0 = Debug|Win32
		{B85C1DFF-076F-4017-94A2-F0D9B6AADF49}.Release|x64.ActiveCfg = Release|x64
		{B85C1DFF-076F-4017-94A2-F0D9B6AADF49}.Release|x64.Build.0 = Release|x64
		{B85C1DFF-076F-4017-94A2-F0D9B6AADF49}.Release|x86.ActiveCfg = Release|Win32
		{B85C1DFF-076F-4017-94A2-F0D9B6AADF49}.Release|x86.Build.0 = Release|Win32
		{275B0C5B-D58B-45F5-9484-AE217F519BFB}.Debug|x64.ActiveCfg = Debug|x64
		{275B0C5B-D58B-45F5-9484-AE217F519BFB}.Debug|x64.Build.0 = Debug|x64
		{275B0C5B-D58B-45F5-9484-AE217F519BFB}.Debug|x86.ActiveCfg = Debug|Win32
		{275B0C5B-D58B-45F5-9484-AE217F519BFB}.Debug|x86.Build.0 = Debug|Win32
		{275B0C5B-D58B-45F5-9484-AE217F519BFB}.Release|x64.ActiveCfg = Release|x64
		{275B0C5B-D58B-45F5-9484-AE217F519BFB}.Release|x64.Build.0 = Release|x64
		{275B0C5B-D58B-45F5-9484-AE217F519BFB}.Release|x86.ActiveCfg = Release|Win32
		{275B0C5B-D58B-45F5-9484-AE217F519BFB}.Release|x86.Build.0 = Release|Win32
		{A891BE7E-5543-4A61-9E14-6974E0BCEFE5}.Debug|x64.ActiveCfg = Debug|x64
		{A891BE7E-5543-4A61-9E14-6974E0BCEFE5}.Debug|x64.Build.0 = Debug|x64
		{A891BE7E-5543-4A61-9E14-6974E0BCEFE5}.Debug|x86.ActiveCfg = Debug|Win32
		{A891BE7E-5543-4A61-9E14-6974E0BCEFE5}.Debug|x86.Build.0 = Debug|Win32
		{A891BE7E-5543-4A61-9E14-6974E0BCEFE5}.Release|x64.ActiveCfg = Release|x64
		{A891BE7E-5543-4A61-9E14-6974E0BCEFE5}.Release|x64.Build.0 = Release|x64
		{A891BE7E-5543-4A61-9E14-6974E0BCEFE5}.Release|x86.ActiveCfg = Release|Win32
		{A891BE7E-5543-4A61-9E14-6974E0BCEFE5}.Release|x86.Build.0 = Release|Win32
		{E78A7A7D-47EB-485A-999E-E55217B0A86F}.Debug|x64.ActiveCfg = Debug|x64
		{E78A7A7D-47EB-485A-999E-E55217B0A86F}.Debug|x64.Build.0 = Debug|x64
		{E78A7A7D-47EB-485A-999E-E55217B0A86F}.Debug|x86.ActiveCfg = Debug|Win32
		{E78A7A7D-47EB-485A-999E-E55217B0A86F}.Debug|x86.Build.0 = Debug|Win32
		{E78A7A7D-47EB-485A-999E-E55217B0A86F}.Release|x64.ActiveCfg = Release|x64
		{E78A7A7D-47EB-485A-999E-E55217B0A86F}.Release|x64.Build.0 = Release|x64
		{E78A7A7D-47EB-485A-999E-E55217B0A86F}.Release|x86.ActiveCfg = Release|Win32
		{E78A7A7D-47EB-485A-999E-E55217B0A86F}.Release|x86.Build.0 = Release|Win32
		{5941B2F7-8A49-4C60-8222-4C6B98FF7F1E}.Debug|x64.ActiveCfg = Debug|x64
		{5941B2F7-8A49-4C60-8222-4C6B98FF7F1E}.Debug|x64.Build.0 = Debug|x64
		{5941B2F7-8A49-4C60-8222-4C6B98FF7F1E}.Debug|x86.ActiveCfg = Debug|Win32
		{5941B2F7-8A49-4C60-8222-4C6B98FF7F1E}.Debug|x86.Build.0 = Debug|Win32
		{5941B2F7-8A49-4C60-8222-4C6B98FF7F1E}.Release|x64.ActiveCfg = Release|x64
		{5941B2F7-8A49-4C60-8222-4C6B98FF7F1E}.Release|x64.Build.0 = Release|x64
		{5941B2F7-8A49-4C60-8222-4C6B98FF7F1E}.Release|x86.ActiveCfg = Release|Win32
		{5941B2F7-8A49-4C60-8222-4C6B98FF7F1E}.Release|x86.Build.0 = Release|Win32
		{EE289E89-AFAC-4257-B518-6CA2CCD6305C}.Debug|x64.ActiveCfg = Debug|x64
		{EE289E89-AFAC-4257-B518-6CA2CCD6305C}.Debug|x64.Build.0 = Debug|x64
		{EE289E89-AFAC-4257-B518-6CA2CCD6305C}.Debug|x86.ActiveCfg = Debug|Win32
		{EE289E89-AFAC-4257-B518-6CA2CCD6305C}.Debug|x86.Build.0 = Debug|Win32
		{EE289E89-AFAC-4257-B518-6CA2CCD6305C}.Release|x64.ActiveCfg = Release|x64
		{EE289E89-AFAC-4257-B518-6CA2CCD6305C}.Release|x64.Build.0 = Release|x64
		{EE289E89-AFAC-4257-B518-6CA2CCD6305C}.Release|x86.ActiveCfg = Release|Win32
		{EE289E89-AFAC-4257-B518-6CA2CCD6305C}.Release|x86.Build.0 = Release|Win32
		{D378B021-8D09-44FD-A169-632249AD14F4}.Debug|x64.ActiveCfg = Debug|x64
		{D378B021-8D09-44FD-A169-632249AD14F4}.Debug|x64.Build.0 = Debug|x64
		{D378B021-8D09-44FD-A169-632249AD14F4}.Debug|x86.ActiveCfg = Debug|Win32
		{D378B021-8D09-44FD-A169-632249AD14F4}.Debug|x86.Build.0 = Debug|Win32
		{D378B021-8D09-44FD-A169-632249AD14F4}.Release|x64.ActiveCfg = Release|x64
		{D378B021-8D09-44FD-A169-632249AD14F4}.Release|x64.Build.0 = Release|x64
		{D378B021-8D09-44FD-A169-632249AD14F4}.Release|x86.ActiveCfg = Release|Win32
		{D378B021-8D09-44FD-A169-632249AD14F4}.Release|x86.Build.0 = Release|Win32
		{7ED99D0F-F94F-4209-B81E-B3859A7B26F2}.Debug|x64.ActiveCfg = Debug|x64
		{7ED99D0F-F94F-4209-B81E-B3859A7B26F2}.Debug|x64.Build.0 = Debug|x64
		{7ED99D0F-F94F-4209-B81E-B3859A7B26F2}.Debug|x86.ActiveCfg = Debug|Win32
		{7ED99D0F-F94F-4209-B81E-B3859A7B26F2}.Debug|x86.Build.0 = Debug|Win32
		{7ED99D0F-F94F-4209-B81E-B3859A7B26F2}.Release|x64.ActiveCfg = Release|x64
		{7ED99D0F-F94F-4209-B81E-B3859A7B26F2}.Release|x64.Build.0 = Release|x64
		{7ED99D0F-F94F-4209-B81E-B3859A7B26F2}.Release|x86.ActiveCfg = Release|Win32
		{7ED99D0F-F94F-4209-B81E-B3859A7B26F2}.Release|x86.Build.0 = Release|Win32
		{6900CAC0-EF57-4A1E-9D36-97B080CA02FB}.Debug|x64.ActiveCfg = Debug|x64
		{6900CAC0-EF57-4A1E-9D36-97B080CA02FB}.Debug|x64.Build.0 = Debug|x64
		{6900CAC0-EF57-4A1E-9D36-97B080CA02FB}.Debug|x86.ActiveCfg = Debug|Win32
		{6900CAC0-EF57-4A1E-9D36-97B080CA02FB}.Debug|x86.Build.0 = Debug|Win32
		{6900CAC0-EF57-4A1E-9D36-97B080CA02FB}.Release|x64.ActiveCfg = Release|x64
		{6900CAC0-EF57-4A1E-9D36-97B080CA02FB}.Release|x64.Build.0 = Release|x64
		{6900CAC0-EF57-4A1E-9D36-97B080CA02FB}.Release|x86.ActiveCfg = Release|Win32
		{6900CAC0-EF57-4A1E-9D36-97B080CA02FB}.Release|x86.Build.0 = Release|Win32
		{090F4A53-FBD2-4CC8-BFBD-49DD2F604714}.Debug|x64.ActiveCfg = Debug|x64
		{090F4A53-FBD2-4CC8-BFBD-49DD2F604714}.Debug|x64.Build.0 = Debug|x64
		{090F4A53-FBD2-4CC8-BFBD-49DD2F604714}.Debug|x86.ActiveCfg = Debug|Win32
		{090F4A53-FBD2-4CC8-BFBD-49DD2F604714}.Debug|x86.Build.0 = Debug|Win32
		{090F4A53-FBD2-4CC8-BFBD-49DD2F604714}.Release|x64.ActiveCfg = Release|x64
		{090F4A53-FBD2-4CC8-BFBD-49DD2F604714}.Release|x64.Build.0 = Release|x64
		{090F4A53-FBD2-4CC8-BFBD-49DD2F604714}.Release|x86.ActiveCfg = Release|Win32
		{090F4A53-FBD2-4CC8-BFBD-49DD2F604714}.Release|x86.Build.0 = Release|Win32
		{9CBD85B6-4889-4C85-9D6C-B607F9E6933F}.Debug|x64.ActiveCfg = Debug|x64
		{9CBD85B6-4889-4C85-9D6C-B607F9E6933F}.Debug|x64.Build.0 = Debug|x64
		{9CBD85B6-4889-4C85-9D6C-B607F9E6933F}.Debug|x86.ActiveCfg = Debug|Win32
		{9CBD85B6-4889-4C85-9D6C-B607F9E6933F}.Debug|x86.Build.0 = Debug|Win32
		{9CBD85B6-4889-4C85-9D6C-B607F9E6933F}.Release|x64.ActiveCfg = Release|x64
		{9CBD85B6-4889-4C85-9D6C-B607F9E6933F}.Release|x64.Build.0 = Release|x64
		{9CBD85B6-4889-4C85-9D6C-B607F9E6933F}.Release|x86.ActiveCfg = Release|Win32
		{9CBD85B6-4889-4C85-9D6C-B607F9E6933F}.Release|x86.Build.0 = Release|Win32
		{AD4BD450-2D0B-446C-93C4-AB45E0E23712}.Debug|x64.ActiveCfg = Debug|x64
		{AD4BD450-2D0B-446C-93C4-AB45E0E23712}.Debug|x64.Build.0 = Debug|x64
		{AD4BD450-2D0B-446C-93C4-AB45E0E23712}.Debug|x86.ActiveCfg = Debug|Win32
		{AD4BD450-2D0B-446C-93C4-AB45E0E23712}.Debug|x86.Build.0 = Debug|Win32
		{AD4BD450-2D0B-446C-93C4-AB45E0E23712}.Release|x64.ActiveCfg = Release|x64
		{AD4BD450-2D0B-446C-93C4-AB45E0E23712}.Release|x64.Build.0 = Release|x64
		{AD4BD450-2D0B-446C-93C4-AB45E0E23712}.Release|x86.ActiveCfg = Release|Win32
		{AD4BD450-2D0B-446C-93C4-AB45E0E23712}.Release|x86.Build.0 = Release|Win32
		{EE448B42-70D8-4E6D-98A0-1C256B8D16E7}.Debug|x64.ActiveCfg = Debug|x64
		{EE448B42-70D8-4E6D-98A0-1C256B8D16E7}.Debug|x64.Build.0 = Debug|x64
		{EE448B42-70D8-4E6D-98A0-1C256B8D16E7}.Debug|x86.ActiveCfg = Debug|Win32
		{EE448B42-70D8-4E6D-98A0-1C256B8D16E7}.Debug|x86.Build.0 = Debug|Win32
		{EE448B42-70D8-4E6D-98A0-1C256B8D16E7}.Release|x64.ActiveCfg = Release|x64
		{EE448B42-70D8-4E6D-98A0-1C256B8D16E7}.Release|x64.Build.0 = Release|x64
		{EE448B42-70D8-4E6D-98A0-1C256B8D16E7}.Release|x86.ActiveCfg = Release|Win32
		{EE448B42-70D8-4E6D-98A0-1C256B8D16E7}.Release|x86.Build.0 = Release|Win32
		{37D04770-7E61-4779-A2A1-3C66AEA820C2}.Debug|x64.ActiveCfg = Debug|x64
		{37D04770-7E61-4779-A2A1-3C66AEA820C2}.Debug|x64.Build.0 = Debug|x64
		{37D04770-7E61-4779-A2A1-3C66AEA820C2}.Debug|x86.ActiveCfg = Debug|Win32
		{37D04770-7E61-4779-A2A1-3C66AEA820C2}.Debug|x86.Build.0 = Debug|Win32
		{37D04770-7E61-4779-A2A1-3C66AEA820C2}.Release|x64.ActiveCfg = Release|x64
		{37D04770-7E61-4779-A2A1-3C66AEA820C2}.Release|x64.Build.0 = Release|x64
		{37D04770-7E61-4779-A2A1-3C66AEA820C2}.Release|x86.ActiveCfg = Release|Win32
		{37D04770-7E61-4779-A2A1-3C66AEA820C2}.Release|x86.Build.0 = Release|Win32
		{1DC0013E-1D2F-40FF-ACEE-24BEDF650B47}.Debug|x64.ActiveCfg = Debug|x64
		{1DC0013E-1D2F-40FF-ACEE-24BEDF650B47}.Debug|x64.Build.0 = Debug|x64
		{1DC0013E-1D2F-40FF-ACEE-24BEDF650B47}.Debug|x86.ActiveCfg = Debug|Win32
		{1DC0013E-1D2F-40FF-ACEE-24BEDF650B47}.Debug|x86.Build.0 = Debug|Win32
		{1DC0013E-1D2F-40FF-ACEE-24BEDF650B47}.Release|x64.ActiveCfg = Release|x64
		{1DC0013E-1D2F-40FF-ACEE-24BEDF650B47}.Release|x64.Build.0 = Release|x64
		{1DC0013E-1D2F-40FF-ACEE-24BEDF650B47}.Release|x86.ActiveCfg = Release|Win32
		{1DC0013E-1D2F-40FF-ACEE-24BEDF650B47}.Release|x86.Build.0 = Release|Win32
		{2D018BB2-5067-4E9F-92DE-EADFBE4DD577}.Debug|x64.ActiveCfg = Debug|x64
		{2D018BB2-5067-4E9F-92DE-EADFBE4DD577}.Debug|x64.Build.0 = Debug|x64
		{2D018BB2-5067-4E9F-92DE-EADFBE4DD577}.Debug|x86.ActiveCfg = Debug|Win32
		{2D018BB2-5067-4E9F-92DE-EADFBE4DD577}.Debug|x86.Build.0 = Debug|Win32
		{2D018BB2-5067-4E9F-92DE-EADFBE4DD577}.Release|x64.ActiveCfg = Release|x64
		{2D018BB2-5067-4E9F-92DE-EADFBE4DD577}.Release|x64.Build.0 = Release|x64
		{2D018BB2-5067-4E9F-92DE-EADFBE4DD577}.Release|x86.ActiveCfg = Release|Win32
		{2D018BB2-5067-4E9F-92DE-EADFBE4DD577}.Release|x86.Build.0 = Release|Win32
		{D503A3E0-49F9-4E30-96F5-116ADB173737}.Debug|x64.ActiveCfg = Debug|x64
		{D503A3E0-49F9-4E30-96F5-116ADB173737}.Debug|x64.Build.0 = Debug|x64
		{D503A3E0-49F9-4E30-96F5-116ADB173737}.Debug|x86.ActiveCfg = Debug|Win32
		{D503A3E0-49F9-4E30-96F5-116ADB173737}.Debug|x86.Build.0 = Debug|Win32
		{D503A3E0-49F9-4E30-96F5-116ADB173737}.Release|x64.ActiveCfg = Release|x64
		{D503A3E0-49F9-4E30-96F5-116ADB173737}.Release|x64.Build.0 = Release|x64
		{D503A3E0-49F9-4E30-96F5-116ADB173737}.Release|x86.ActiveCfg = Release|Win32
		{D503A3E0-49F9-4E30-96F5-116ADB173737}.Release|x86.Build.0 = Release|Win32
		{C77F39D3-752A-4A12-A646-114D76710BD6}.Debug|x64.ActiveCfg = Debug|x64
		{C77F39D3-752A-4A12-A646-114D76710BD6}.Debug|x64.Build.0 = Debug|x64
		{C77F39D3-752A-4A12-A646-114D76710BD6}.Debug|x86.ActiveCfg = Debug|Win32
		{C77F39D3-752A-4A12-A646-114D76710BD6}.Debug|x86.Build.0 = Debug|Win32
		{C77F39D3-752A-4A12-A646-114D76710BD6}.Release|x64.ActiveCfg = Release|x64
		{C77F39D3-752A-4A12-A646-114D76710BD6}.Release|x64.Build.0 = Release|x64
		{C77F39D3-752A-4A12-A646-114D76710BD6}.Release|x86.ActiveCfg = Release|Win32
		{C77F39D3-752A-4A12-A646-114D76710BD6}.Release|x86.Build.0 = Release|Win32
		{2629934B-EE4B-49E4-9759-53CE5DF7CC7A}.Debug|x64.ActiveCfg = Debug|x64
		{2629934B-EE4B-49E4-9759-53CE5DF7CC7A}.Debug|x64.Build.0 = Debug|x64
		{2629934B-EE4B-49E4-9759-53CE5DF7CC7A}.Debug|x86.ActiveCfg = Debug|Win32
		{2629934B-EE4B-49E4-9759-53CE5DF7CC7A}.Debug|x86.Build.0 = Debug|Win32
		{2629934B-EE4B-49E4-9759-53CE5DF7CC7A}.Release|x64.ActiveCfg = Release|x64
		{2629934B-EE4B-49E4-9759-53CE5DF7CC7A}.Release|x64.Build.0 = Release|x64
		{2629934B-EE4B-49E4-9759-53CE5DF7CC7A}.Release|x86.ActiveCfg = Release|Win32
		{2629934B-EE4B-49E4-9759-53CE5DF7CC7A}.Release|x86.Build.0 = Release|Win32
		{98385769-56CF-4258-9896-23ACA91A3B43}.Debug|x64.ActiveCfg = Debug|x64
		{98385769-56CF-4258-9896-23ACA91A3B43}.Debug|x64.Build.0 = Debug|x64
		{98385769-56CF-4258-9896-23ACA91A3B43}.Debug|x86.ActiveCfg = Debug|Win32
		{98385769-56CF-4258-9896-23ACA91A3B43}.Debug|x86.Build.0 = Debug|Win32
		{98385769-56CF-4258-9896-23ACA91A3B43}.Release|x64.ActiveCfg = Release|x64
		{98385769-56CF-4258-9896-23ACA91A3B43}.Release|x64.Build.0 = Release|x64
		{98385769-56CF-4258-9896-23ACA91A3B43}.Release|x86.ActiveCfg = Release|Win32
		{98385769-56CF-4258-9896-23ACA91A3B43}.Release|x86.Build.0 = Release|Win32
		{03984DF0-FDDB-460F-97C7-9D8F4B0C7EDA}.Debug|x64.ActiveCfg = Debug|x64
		{03984DF0-FDDB-460F-97C7-9D8F4B0C7EDA}.Debug|x64.Build.0 = Debug|x64
		{03984DF0-FDDB-460F-97C7-9D8F4B0C7EDA}.Debug|x86.ActiveCfg = Debug|Win32
		{03984DF0-FDDB-460F-97C7-9D8F4B0C7EDA}.Debug|x86.Build.0 = Debug|Win32
		{03984DF0-FDDB-460F-97C7-9D8F4B0C7EDA}.Release|x64.ActiveCfg = Release|x64
		{03984DF0-FDDB-460F-97C7-9D8F4B0C7EDA}.Release|x64.Build.0 = Release|x64
		{03984DF0-FDDB-460F-97C7-9D8F4B0C7EDA}.Release|x86.ActiveCfg = Release|Win32
		{03984DF0-FDDB-460F-97C7-9D8F4B0C7EDA}.Release|x86.Build.0 = Release|Win32
		{4A5E17EA-A971-497E-AC1E-8CAE265527E9}.Debug|x64.ActiveCfg = Debug|x64
		{4A5E17EA-A971-497E-AC1E-8CAE265527E9}.Debug|x64.Build.0 = Debug|x64
		{4A5E17EA-A971-497E-AC1E-8CAE265527E9}.Debug|x86.ActiveCfg = Debug|Win32
		{4A5E17EA-A971-497E-AC1E-8CAE265527E9}.Debug|x86.Build.0 = Debug|Win32
		{4A5E17EA-A971-497E-AC1E-8CAE265527E9}.Release|x64.ActiveCfg = Release|x64
		{4A5E17EA-A971-497E-AC1E-8CAE265527E9}.Release|x64.Build.0 = Release|x64
		{4A5E17EA-A971-497E-AC1E-8CAE265527E9}.Release|x86.ActiveCfg = Release|Win32
		{4A5E17EA-A971-497E-AC1E-8CAE265527E9}.Release|x86.Build.0 = Release|Win32
		{6ED87F6A-AB9F-453B-9273-3418B72F95D9}.Debug|x64.ActiveCfg = Debug|x64
		{6ED87F6A-AB9F-453B-9273-3418B72F95D9}.Debug|x64.Build.0 = Debug|x64
		{6ED87F6A-AB9F-453B-9273-3418B72F95D9}.Debug|x86.ActiveCfg = Debug|Win32
		{6ED87F6A-AB9F-453B-9273-3418B72F95D9}.Debug|x86.Build.0 = Debug|Win32
		{6ED87F6A-AB9F-453B-9273-3418B72F95D9}.Release|x64.ActiveCfg = Release|x64
		{6ED87F6A-AB9F-453B-9273-3418B72F95D9}.Release|x64.Build.0 = Release|x64
		{6ED87F6A-AB9F-453B-9273-3418B72F95D9}.Release|x86.ActiveCfg = Release|Win32
		{6ED87F6A-AB9F-453B-9273-3418B72F95D9}.Release|x86.Build.0 = Release|Win32
		{FE62B72F-AC53-4FFE-BF08-4DF714DE4E22}.Debug|x64.ActiveCfg = Debug|x64
		{FE62B72F-AC53-4FFE-BF08-4DF714DE4E22}.Debug|x64.Build.0 = Debug|x64
		{FE62B72F-AC53-4FFE-BF08-4DF714DE4E22}.Debug|x86.ActiveCfg = Debug|Win32
		{FE62B72F-AC53-4FFE-BF08-4DF714DE4E22}.Debug|x86.Build.0 = Debug|Win32
		{FE62B72F-AC53-4FFE-BF08-4DF714DE4E22}.Release|x64.ActiveCfg = Release|x64
		{FE62B72F-AC53-4FFE-BF08-4DF714DE4E22}.Release|x64.Build.0 = Release|x64
		{FE62B72F-AC53-4FFE-BF08-4DF714DE4E22}.Release|x86.ActiveCfg = Release|Win32
		{FE62B72F-AC53-4FFE-BF08-4DF714DE4E22}.Release|x86.Build.0 = Release|Win32
		{B833542F-FCCD-4C81-8437-90F8A6B65A6B}.Debug|x64.ActiveCfg = Debug|x64
		{B833542F-FCCD-4C81-8437-90F8A6B65A6B}.Debug|x64.Build.0 = Debug|x64
		{B833542F-FCCD-4C81-8437-90F8A6B65A6B}.Debug|x86.ActiveCfg = Debug|Win32
		{B833542F-FCCD-4C81-8437-90F8A6B65A6B}.Debug|x86.Build.0 = Debug|Win32
		{B833542F-FCCD-4C81-8437-90F8A6B65A6B}.Release|x64.ActiveCfg = Release|x64
		{B833542F-FCCD-4C81-8437-90F8A6B65A6B}.Release|x64.Build.0 = Release|x64
		{B833542F-FCCD-4C81-8437-90F8A6B65A6B}.Release|x86.ActiveCfg = Release|Win32
		{B833542F-FCCD-4C81-8437-90F8A6B65A6B}.Release|x86.Build.0 = Release|Win32
		{120D5B6E-9F15-4ADF-AA22-5623B033B2C7}.Debug|x64.ActiveCfg = Debug|x64
		{120D5B6E-9F15-4ADF-AA22-5623B033B2C7}.Debug|x64.Build.0 = Debug|x64
		{120D5B6E-9F15-4ADF-AA22-5623B033B2C7}.Debug|x86.ActiveCfg = Debug|Win32
		{120D5B6E-9F15-4ADF-AA22-5623B033B2C7}.Debug|x86.Build.0 = Debug|Win32
		{120D5B6E-9F15-4ADF-AA22-5623B033B2C7}.Release|x64.ActiveCfg = Release|x64
		{120D5B6E-9F15-4ADF-AA22-5623B033B2C7}.Release|x64.Build.0 = Release|x64
		{120D5B6E-9F15-4ADF-AA22-5623B033B2C7}.Release|x86.ActiveCfg = Release|Win32
		{120D5B6E-9F15-4ADF-AA22-5623B033B2C7}.Release|x86.Build.0 = Release|Win32
		{77437CC7-11F1-4DEE-B4F5-28CA658B117D}.Debug|x64.ActiveCfg = Debug|x64
		{77437CC7-11F1-4DEE-B4F5-28CA658B117D}.Debug|x64.Build.0 = Debug|x64
		{77437CC7-11F1-4DEE-B4F5-28CA658B117D}.Debug|x86.ActiveCfg = Debug|Win32
		{77437CC7-11F1-4DEE-B4F5-28CA658B117D}.Debug|x86.Build.0 = Debug|Win32
		{77437CC7-11F1-4DEE-B4F5-28CA658B117D}.Release|x64.ActiveCfg = Release|x64
		{77437CC7-11F1-4DEE-B4F5-28CA658B117D}.Release|x64.Build.0 = Release|x64
		{77437CC7-11F1-4DEE-B4F5-28CA658B117D}.Release|x86.ActiveCfg = Release|Win32
		{77437CC7-11F1-4DEE-B4F5-28CA658B117D}.Release|x86.Build.0 = Release|Win32
		{E21AAC7E-7DF3-4F58-9FD3-139DFBB3A4CE}.Debug|x64.ActiveCfg = Debug|x64
		{E21AAC7E-7DF3-4F58-9FD3-139DFBB3A4CE}.Debug|x64.Build.0 = Debug|x64
		{E21AAC7E-7DF3-4F58-9FD3-139DFBB3A4CE}.Debug|x86.ActiveCfg = Debug|Win32
		{E21AAC7E-7DF3-4F58-9FD3-139DFBB3A4CE}.Debug|x86.Build.0 = Debug|Win32
		{E21AAC7E-7DF3-4F58-9FD3-139DFBB3A4CE}.Release|x64.ActiveCfg = Release|x64
		{E21AAC7E-7DF3-4F58-9FD3-139DFBB3A4CE}.Release|x64.Build.0 = Release|x64
		{E21AAC7E-7DF3-4F58-9FD3-139DFBB3A4CE}.Release|x86.ActiveCfg = Release|Win32
		{E21AAC7E-7DF3-4F58-9FD3-139DFBB3A4CE}.Release|x86.Build.0 = Release|Win32
		{EC22559C-F9CE-45B4-932A-C85CA2529EE5}.Debug|x64.ActiveCfg = Debug|x64
		{EC22559C-F9CE-45B4-932A-C85CA2529EE5}.Debug|x64.Build.0 = Debug|x64
		{EC22559C-F9CE-45B4-932A-C85CA2529EE5}.Debug|x86.ActiveCfg = Debug|Win32
		{EC22559C-F9CE-45B4-932A-C85CA2529EE5}.Debug|x86.Build.0 = Debug|Win32
		{EC22559C-F9CE-45B4-932A-C85CA2529EE5}.Release|x64.ActiveCfg = Release|x64
		{EC22559C-F9CE-45B4-932A-C85CA2529EE5}.Release|x64.Build.0 = Release|x64
		{EC22559C-F9CE-45B4-932A-C85CA2529EE5}.Release|x86.ActiveCfg = Release|Win32
		{EC22559C-F9CE-45B4-932A-C85CA2529EE5}.Release|x86.Build.0 = Release|Win32
		{F37057C7-0D92-47CD-BB04-9A169B22C750}.Debug|x64.ActiveCfg = Debug|x64
		{F37057C7-0D92-47CD-BB04-9A169B22C750}.Debug|x64.Build.0 = Debug|x64
		{F37057C7-0D92-47CD-BB04-9A169B22C750}.Debug|x86.ActiveCfg = Debug|Win32
		{F37057C7-0D92-47CD-BB04-9A169B22C750}.Debug|x86.Build.0 = Debug|Win32
		{F37057C7-0D92-47CD-BB04-9A169B22C750}.Release|x64.ActiveCfg = Release|x64
		{F37057C7-0D92-47CD-BB04-9A169B22C750}.Release|x64.Build.0 = Release|x64
		{F37057C7-0D92-47CD-BB04-9A169B22C750}.Release|x86.ActiveCfg = Release|Win32
		{F37057C7-0D92-47CD-BB04-9A169B22C750}.Release|x86.Build.0 = Release|Win32
		{A666D137-C6E5-4D8F-AA7A-2E7E891FED3D}.Debug|x64.ActiveCfg = Debug|x64
		{A666D137-C6E5-4D8F-AA7A-2E7E891FED3D}.Debug|x64.Build.0 = Debug|x64
		{A666D137-C6E5-4D8F-AA7A-2E7E891FED3D}.Debug|x86.ActiveCfg = Debug|Win32
		{A666D137-C6E5-4D8F-AA7A-2E7E891FED3D}.Debug|x86.Build.0 = Debug|Win32
		{A666D137-C6E5-4D8F-AA7A-2E7E891FED3D}.Release|x64.ActiveCfg = Release|x64
		{A666D137-C6E5-4D8F-AA7A-2E7E891FED3D}.Release|x64.Build.0 = Release|x64
		{A666D137-C6E5-4D8F-AA7A-2E7E891FED3D}.Release|x86.ActiveCfg = Release|Win32
		{A666D137-C6E5-4D8F-AA7A-2E7E891FED3D}.Release|x86.Build.0 = Release|Win32
		{3B7EACD3-F989-43D2-A006-540AC064CEDB}.Debug|x64.ActiveCfg = Debug|x64
		{3B7EACD3-F989-43D2-A006-540AC064CEDB}.Debug|x64.Build.0 = Debug|x64
		{3B7EACD3-F989-43D2-A006-540AC064CEDB}.Debug|x86.ActiveCfg = Debug|Win32
		{3B7EACD3-F989-43D2-A006-540AC064CEDB}.Debug|x86.Build.0 = Debug|Win32
		{3B7EACD3-F989-43D2-A006-540AC064CEDB}.Release|x64.ActiveCfg = Release|x64
		{3B7EACD3-F989-43D2-A006-540AC064CEDB}.Release|x64.Build.0 = Release|x64
		{3B7EACD3-F989-43D2-A006-540AC064CEDB}.Release|x86.ActiveCfg = Release|Win32
		{3B7EACD3-F989-43D2-A006-540AC064CEDB}.Release|x86.Build.0 = Release|Win32
		{203F3262-9B8B-4A61-B10B-FB80874ED0DC}.Debug|x64.ActiveCfg = Debug|x64
		{203F3262-9B8B-4A61-B10B-FB80874ED0DC}.Debug|x64.Build.0 = Debug|x64
		{203F3262-9B8B-4A61-B10B-FB80874ED0DC}.Debug|x86.ActiveCfg = Debug|Win32
		{203F3262-9B8B-4A61-B10B-FB80874ED0DC}.Debug|x86.Build.0 = Debug|Win32
		{203F3262-9B8B-4A61-B10B-FB80874ED0DC}.Release|x64.ActiveCfg = Release|x64
		{203F3262-9B8B-4A61-B10B-FB80874ED0DC}.Release|x64.Build.0 = Release|x64
		{203F3262-9B8B-4A61-B10B-FB80874ED0DC}.Release|x86.ActiveCfg = Release|Win32
		{203F3262-9B8B-4A61-B10B-FB80874ED0DC}.Release|x86.Build.0 = Release|Win32
		{53770F39-70B8-497C-9D52-DF3D93935ED2}.Debug|x64.ActiveCfg = Debug|x64
		{53770F39-70B8-497C-9D52-DF3D93935ED2}.Debug|x64.Build.0 = Debug|x64
		{53770F39-70B8-497C-9D52-DF3D93935ED2}.Debug|x86.ActiveCfg = Debug|Win32
		{53770F39-70B8-497C-9D52-DF3D93935ED2}.Debug|x86.Build.0 = Debug|Win32
		{53770F39-70B8-497C-9D52-DF3D93935ED2}.Release|x64.ActiveCfg = Release|x64
		{53770F39-70B8-497C-9D52-DF3D93935ED2}.Release|x64.Build.0 = Release|x64
		{53770F39-70B8-497C-9D52-DF3D93935ED2}.Release|x86.ActiveCfg = Release|Win32
		{53770F39-70B8-497C-9D52-DF3D93935ED2}.Release|x86.Build.0 = Release|Win32
		{DFAAFCE5-0A2F-4272-A7C5-F1DCB63682FA}.Debug|x64.ActiveCfg = Debug|x64
		{DFAAFCE5-0A2F-4272-A7C5-F1DCB63682FA}.Debug|x64.Build.0 = Debug|x64
		{DFAAFCE5-0A2F-4272-A7C5-F1DCB63682FA}.Debug|x86.ActiveCfg = Debug|Win32
		{DFAAFCE5-0A2F-4272-A7C5-F1DCB63682FA}.Debug|x86.Build.0 = Debug|Win32
		{DFAAFCE5-0A2F-4272-A7C5-F1DCB63682FA}.Release|x64.ActiveCfg = Release|x64
		{DFAAFCE5-0A2F-4272-A7C5-F1DCB63682FA}.Release|x64.Build.0 = Release|x64
		{DFAAFCE5-0A2F-4272-A7C5-F1DCB63682FA}.Release|x86.ActiveCfg = Release|Win32
		{DFAAFCE5-0A2F-4272-A7C5-F1DCB63682FA}.Release|x86.Build.0 = Release|Win32
		{A524F334-73B7-45F7-AA17-7D0A8496B846}.Debug|x64.ActiveCfg = Debug|x64
		{A524F334-73B7-45F7-AA17-7D0A8496B846}.Debug|x64.Build.0 = Debug|x64
		{A524F334-73B7-45F7-AA17-7D0A8496B846}.Debug|x86.ActiveCfg = Debug|Win32
		{A524F334-73B7-45F7-AA17-7D0A8496B846}.Debug|x86.Build.0 = Debug|Win32
		{A524F334-73B7-45F7-AA17-7D0A8496B846}.Release|x64.ActiveCfg = Release|x64
		{A524F334-73B7-45F7-AA17-7D0A8496B846}.Release|x64.Build.0 = Release|x64
		{A524F334-73B7-45F7-AA17-7D0A8496B846}.Release|x86.ActiveCfg = Release|Win32
		{A524F334-73B7-45F7-AA17-7D0A8496B846}.Release|x86.Build.0 = Release|Win32
		{5F92B41F-A05B-4B51-A863-A1CD49AFE2BE}.Debug|x64.ActiveCfg = Debug|x64
		{5F92B41F-A05B-4B51-A863-A1CD49AFE2BE}.Debug|x64.Build.0 = Debug|x64
		{5F92B41F-A05B-4B51-A863-A1CD49AFE2BE}.Debug|x86.ActiveCfg = Debug|Win32
		{5F92B41F-A05B-4B51-A863-A1CD49AFE2BE}.Debug|x86.Build.0 = Debug|Win32
		{5F92B41F-A05B-4B51-A863-A1CD49AFE2BE}.Release|x64.ActiveCfg = Release|x64
		{5F92B41F-A05B-4B51-A863-A1CD49AFE2BE}.Release|x64.Build.0 = Release|x64
		{5F92B41F-A05B-4B51-A863-A1CD49AFE2BE}.Release|x86.ActiveCfg = Release|Win32
		{5F92B41F-A05B-4B51-A863-A1CD49AFE2BE}.Release|x86.Build.0 = Release|Win32
		{1156DDF8-91AE-48D7-8A45-211A3CEE10A4}.Debug|x64.ActiveCfg = Debug|x64
		{1156DDF8-91AE-48D7-8A45-211A3CEE10A4}.Debug|x64.Build.0 = Debug|x64
		{1156DDF8-91AE-48D7-8A45-211A3CEE10A4}.Debug|x86.ActiveCfg = Debug|Win32
		{1156DDF8-91AE-48D7-8A45-211A3CEE10A4}.Debug|x86.Build.0 = Debug|Win32
		{1156DDF8-91AE-48D7-8A45-211A3CEE10A4}.Release|x64.ActiveCfg = Release|x64
		{1156DDF8-91AE-48D7-8A45-211A3CEE10A4}.Release|x64.Build.0 = Release|x64
		{1156DDF8-91AE-48D7-8A45-211A3CEE10A4}.Release|x86.ActiveCfg = Release|Win32
		{1156DDF8-91AE-48D7-8A45-211A3CEE10A4}.Release|x86.Build.0 = Release|Win32
		{1B8F3C19-8142-46E5-90CC-A1671D2D36A9}.Debug|x64.ActiveCfg = Debug|x64
		{1B8F3C19-8142-46E5-90CC-A1671D2D36A9}.Debug|x64.Build.0 = Debug|x64
		{1B8F3C19-8142-46E5-90CC-A1671D2D36A9}.Debug|x86.ActiveCfg = Debug|Win32
		{1B8F3C19-8142-46E5-90CC-A1671D2D36A9}.Debug|x86.Build.0 = Debug|Win32
		{1B8F3C19-8142-46E5-90CC-A1671D2D36A9}.Release|x64.ActiveCfg = Release|x64
		{1B8F3C19-8142-46E5-90CC-A1671D2D36A9}.Release|x64.Build.0 = Release|x64
		{1B8F3C19-8142-46E5-90CC-A1671D2D36A9}.Release|x86.ActiveCfg = Release|Win32
		{1B8F3C19-8142-46E5-90CC-A1671D2D36A9}.Release|x86.Build.0 = Release|Win32
		{44D861E1-A751-436F-841A-EB62E9DC2DB6}.Debug|x64.ActiveCfg = Debug|x64
		{44D861E1-A751-436F-841A-EB62E9DC2DB6}.Debug|x64.Build.0 = Debug|x64
		{44D861E1-A751-436F-841A-EB62E9DC2DB6}.Debug|x86.ActiveCfg = Debug|Win32
		{44D861E1-A751-436F-841A-EB62E9DC2DB6}.Debug|x86.Build.0 = Debug|Win32
		{44D861E1-A751-436F-841A-EB62E9DC2DB6}.Release|x64.ActiveCfg = Release|x64
		{44D861E1-A751-436F-841A-EB62E9DC2DB6}.Release|x64.Build.0 = Release|x64
		{44D861E1-A751-436F-841A-EB62E9DC2DB6}.Release|x86.ActiveCfg = Release|Win32
		{44D861E1-A751-436F-841A-EB62E9DC2DB6}.Release|x86.Build.0 = Release|Win32
		{A73BC08B-3236-4FA2-8E58-0AA6498642A3}.Debug|x64.ActiveCfg = Debug|x64
		{A73BC08B-3236-4FA2-8E58-0AA6498642A3}.Debug|x64.Build.0 = Debug|x64
		{A73BC08B-3236-4FA2-8E58-0AA6498642A3}.Debug|x86.ActiveCfg = Debug|Win32
		{A73BC08B-3236-4FA2-8E58-0AA6498642A3}.Debug|x86.Build.0 = Debug|Win32
		{A73BC08B-3236-4FA2-8E58-0AA6498642A3}.Release|x64.ActiveCfg = Release|x64
		{A73BC08B-3236-4FA2-8E58-0AA6498642A3}.Release|x64.Build.0 = Release|x64
		{A73BC08B-3236-4FA2-8E58-0AA6498642A3}.Release|x86.ActiveCfg = Release|Win32
		{A73BC08B-3236-4FA2-8E58-0AA6498642A3}.Release|x86.Build.0 = Release|Win32
		{FDDB1B7D-F58F-4FE3-980A-B74B1AAAA40E}.Debug|x64.ActiveCfg = Debug|x64
		{FDDB1B7D-F58F-4FE3-980A-B74B1AAAA40E}.Debug|x64.Build.0 = Debug|x64
		{FDDB1B7D-F58F-4FE3-980A-B74B1AAAA40E}.Debug|x86.ActiveCfg = Debug|Win32
		{FDDB1B7D-F58F-4FE3-980A-B74B1AAAA40E}.Debug|x86.Build.0 = Debug|Win32
		{FDDB1B7D-F58F-4FE3-980A-B74B1AAAA40E}.Release|x64.ActiveCfg = Release|x64
		{FDDB1B7D-F58F-4FE3-980A-B74B1AAAA40E}.Release|x64.Build.0 = Release|x64
		{FDDB1B7D-F58F-4FE3-980A-B74B1AAAA40E}.Release|x86.ActiveCfg = Release|Win32
		{FDDB1B7D-F58F-4FE3-980A-B74B1AAAA40E}.Release|x86.Build.0 = Release|Win32
		{2A736D1E-B8B6-4B1A-9A3D-87796B4D8FCC}.Debug|x64.ActiveCfg = Debug|x64
		{2A736D1E-B8B6-4B1A-9A3D-87796B4D8FCC}.Debug|x64.Build.0 = Debug|x64
		{2A736D1E-B8B6-4B1A-9A3D-87796B4D8FCC}.Debug|x86.ActiveCfg = Debug|Win32
		{2A736D1E-B8B6-4B1A-9A3D-87796B4D8FCC}.Debug|x86.Build.0 = Debug|Win32
		{2A736D1E-B8B6-4B1A-9A3D-87796B4D8FCC}.Release|x64.ActiveCfg = Release|x64
		{2A736D1E-B8B6-4B1A-9A3D-87796B4D8FCC}.Release|x64.Build.0 = Release|x64
		{2A736D1E-B8B6-4B1A-9A3D-87796B4D8FCC}.Release|x86.ActiveCfg = Release|Win32
		{2A736D1E-B8B6-4B1A-9A3D-87796B4D8FCC}.Release|x86.Build.0 = Release|Win32
		{9701A357-B593-4E69-BA88-313488BB8339}.Debug|x64.ActiveCfg = Debug|x64
		{9701A357-B593-4E69-BA88-313488BB8339}.Debug|x64.Build.0 = Debug|x64
		{9701A357-B593-4E69-BA88-313488BB8339}.Debug|x86.ActiveCfg = Debug|Win32
		{9701A357-B593-4E69-BA88-313488BB8339}.Debug|x86.Build.0 = Debug|Win32
		{9701A357-B593-4E69-BA88-313488BB8339}.Release|x64.ActiveCfg = Release|x64
		{9701A357-B593-4E69-BA88-313488BB8339}.Release|x64.Build.0 = Release|x64
		{9701A357-B593-4E69-BA88-313488BB8339}.Release|x86.ActiveCfg = Release|Win32
		{9701A357-B593-4E69-BA88-313488BB8339}.Release|x86.Build.0 = Release|Win32
		{64E4CA7E-79AC-4219-85F9-12A2EC81EE1F}.Debug|x64.ActiveCfg = Debug|x64
		{64E4CA7E-79AC-4219-85F9-12A2EC81EE1F}.Debug|x64.Build.0 = Debug|x64
		{64E4CA7E-79AC-4219-85F9-12A2EC81EE1F}.Debug|x86.ActiveCfg = Debug|Win32
		{64E4CA7E-79AC-4219-85F9-12A2EC81EE1F}.Debug|x86.Build.0 = Debug|Win32
		{64E4CA7E-79AC-4219-85F9-12A2EC81EE1F}.Release|x64.ActiveCfg = Release|x64
		{64E4CA7E-79AC-4219-85F9-12A2EC81EE1F}.Release|x64.Build.0 = Release|x64
		{64E4CA7E-79AC-4219-85F9-12A2EC81EE1F}.Release|x86.ActiveCfg = Release|Win32
		{64E4CA7E-79AC-4219-85F9-12A2EC81EE1F}.Release|x86.Build.0 = Release|Win32
		{943314DC-9993-4591-926D-EB5D4E405B56}.Debug|x64.ActiveCfg = Debug|x64
		{943314DC-9993-4591-926D-EB5D4E405B56}.Debug|x64.Build.0 = Debug|x64
		{943314DC-9993-4591-926D-EB5D4E405B56}.Debug|x86.ActiveCfg = Debug|Win32
		{943314DC-9993-4591-926D-EB5D4E405B56}.Debug|x86.Build.0 = Debug|Win32
		{943314DC-9993-4591-926D-EB5D4E405B56}.Release|x64.ActiveCfg = Release|x64
		{943314DC-9993-4591-926D-EB5D4E405B56}.Release|x64.Build.0 = Release|x64
		{943314DC-9993-4591-926D-EB5D4E405B56}.Release|x86.ActiveCfg = Release|Win32
		{943314DC-9993-4591-926D-EB5D4E405B56}.Release|x86.Build.0 = Release|Win32
		{EA8F5D39-B9A0-498C-9BC6-17EABABCEE1B}.Debug|x64.ActiveCfg = Debug|x64
		{EA8F5D39-B9A0-498C-9BC6-17EABABCEE1B}.Debug|x64.Build.0 = Debug|x64
		{EA8F5D39-B9A0-498C-9BC6-17EABABCEE1B}.Debug|x86.ActiveCfg = Debug|Win32
		{EA8F5D39-B9A0-498C-9BC6-17EABABCEE1B}.Debug|x86.Build.0 = Debug|Win32
		{EA8F5D39-B9A0-498C-9BC6-17EABABCEE1B}.Release|x64.ActiveCfg = Release|x64
		{EA8F5D39-B9A0-498C-9BC6-17EABABCEE1B}.Release|x64.Build.0 = Release|x64
		{EA8F5D39-B9A0-498C-9BC6-17EABABCEE1B}.Release|x86.ActiveCfg = Release|Win32
		{EA8F5D39-B9A0-498C-9BC6-17EABABCEE1B}.Release|x86.Build.0 = Release|Win32
		{A1DD0B58-AE79-4A63-9439-CC76C5EC3CA7}.Debug|x64.ActiveCfg = Debug|x64
		{A1DD0B58-AE79-4A63-9439-CC76C5EC3CA7}.Debug|x64.Build.0 = Debug|x64
		{A1DD0B58-AE79-4A63-9439-CC76C5EC3CA7}.Debug|x86.ActiveCfg = Debug|Win32
		{A1DD0B58-AE79-4A63-9439-CC76C5EC3CA7}.Debug|x86.Build.0 = Debug|Win32
		{A1DD0B58-AE79-4A63-9439-CC76C5EC3CA7}.Release|x64.ActiveCfg = Release|x64
		{A1DD0B58-AE79-4A63-9439-CC76C5EC3CA7}.Release|x64.Build.0 = Release|x64
		{A1DD0B58-AE79-4A63-9439-CC76C5EC3CA7}.Release|x86.ActiveCfg = Release|Win32
		{A1DD0B58-AE79-4A63-9439-CC76C5EC3CA7}.Release|x86.Build.0 = Release|Win32
		{4AB6B196-EF40-434A-BD1A-0987FAE14FE5}.Debug|x64.ActiveCfg = Debug|x64
		{4AB6B196-EF40-434A-BD1A-0987FAE14FE5}.Debug|x64.Build.0 = Debug|x64
		{4AB6B196-EF40-434A-BD1A-0987FAE14FE5}.Debug|x86.ActiveCfg = Debug|Win32
		{4AB6B196-EF40-434A-BD1A-0987FAE14FE5}.Debug|x86.Build.0 = Debug|Win32
		{4AB6B196-EF40-434A-BD1A-0987FAE14FE5}.Release|x64.ActiveCfg = Release|x64
		{4AB6B196-EF40-434A-BD1A-0987FAE14FE5}.Release|x64.Build.0 = Release|x64
		{4AB6B196-EF40-434A-BD1A-0987FAE14FE5}.Release|x86.ActiveCfg = Release|Win32
		{4AB6B196-EF40-434A-BD1A-0987FAE14FE5}.Release|x86.Build.0 = Release|Win32
		{8CA61D59-F09F-419B-B7B1-F3B7D0B81A66}.Debug|x64.ActiveCfg = Debug|x64
		{8CA61D59-F09F-419B-B7B1-F3B7D0B81A66}.Debug|x64.Build.0 = Debug|x64
		{8CA61D59-F09F-419B-B7B1-F3B7D0B81A66}.Debug|x86.ActiveCfg = Debug|Win32
		{8CA61D59-F09F-419B-B7B1-F3B7D0B81A66}.Debug|x86.Build.0 = Debug|Win32
		{8CA61D59-F09F-419B-B7B1-F3B7D0B81A66}.Release|x64.ActiveCfg = Release|x64
		{8CA61D59-F09F-419B-B7B1-F3B7D0B81A66}.Release|x64.Build.0 = Release|x64
		{8CA61D59-F09F-419B-B7B1-F3B7D0B81A66}.Release|x86.ActiveCfg = Release|Win32
		{8CA61D59-F09F-419B-B7B1-F3B7D0B81A66}.Release|x86.Build.0 = Release|Win32
		{DFE16FA8-6B5F-48A3-877E-2A9C4CD00387}.Debug|x64.ActiveCfg = Debug|x64
		{DFE16FA8-6B5F-48A3-877E-2A9C4CD00387}.Debug|x64.Build.0 = Debug|x64
		{DFE16FA8-6B5F-48A3-877E-2A9C4CD00387}.Debug|x86.ActiveCfg = Debug|Win32
		{DFE16FA8-6B5F-48A3-877E-2A9C4CD00387}.Debug|x86.Build.0 = Debug|Win32
		{DFE16FA8-6B5F-48A3-877E-2A9C4CD00387}.Release|x64.ActiveCfg = Release|x64
		{DFE16FA8-6B5F-48A3-877E-2A9C4CD00387}.Release|x64.Build.0 = Release|x64
		{DFE16FA8-6B5F-48A3-877E-2A9C4CD00387}.Release|x86.ActiveCfg = Release|Win32
		{DFE16FA8-6B5F-48A3-877E-2A9C4CD00387}.Release|x86.Build.0 = Release|Win32
		{9BBF8D4E-9E5C-403E-BA94-858B56714079}.Debug|x64.ActiveCfg = Debug|x64
		{9BBF8D4E-9E5C-403E-BA94-858B56714079}.Debug|x64.Build.0 = Debug|x64
		{9BBF8D4E-9E5C-403E-BA94-858B56714079}.Debug|x86.ActiveCfg = Debug|Win32
		{9BBF8D4E-9E5C-403E-BA94-858B56714079}.Debug|x86.Build.0 = Debug|Win32
		{9BBF8D4E-9E5C-403E-BA94-858B56714079}.Release|x64.ActiveCfg = Release|x64
		{9BBF8D4E-9E5C-403E-BA94-858B56714079}.Release|x64.Build.0 = Release|x64
		{9BBF8D4E-9E5C-403E-BA94-858B56714079}.Release|x86.ActiveCfg = Release|Win32
		{9BBF8D4E-9E5C-403E-BA94-858B56714079}.Release|x86.Build.0 = Release|Win32
		{940AC8D7-4894-4087-85BC-C2097E57394F}.Debug|x64.ActiveCfg = Debug|x64
		{940AC8D7-4894-4087-85BC-C2097E57394F}.Debug|x64.Build.0 = Debug|x64
		{940AC8D7-4894-4087-85BC-C2097E57394F}.Debug|x86.ActiveCfg = Debug|Win32
		{940AC8D7-4894-4087-85BC-C2097E57394F}.Debug|x86.Build.0 = Debug|Win32
		{940AC8D7-4894-4087-85BC-C2097E57394F}.Release|x64.ActiveCfg = Release|x64
		{940AC8D7-4894-4087-85BC-C2097E57394F}.Release|x64.Build.0 = Release|x64
		{940AC8D7-4894-4087-85BC-C2097E57394F}.Release|x86.ActiveCfg = Release|Win32
		{940AC8D7-4894-4087-85BC-C2097E57394F}.Release|x86.Build.0 = Release|Win32
		{440B05CF-A65F-4C0F-9082-0A4A2A696791}.Debug|x64.ActiveCfg = Debug|x64
		{440B05CF-A65F-4C0F-9082-0A4A2A696791}.Debug|x64.Build.0 = Debug|x64
		{440B05CF-A65F-4C0F-9082-0A4A2A696791}.Debug|x86.ActiveCfg = Debug|Win32
		{440B05CF-A65F-4C0F-9082-0A4A2A696791}.Debug|x86.Build.0 = Debug|Win32
		{440B05CF-A65F-4C0F-9082-0A4A2A696791}.Release|x64.ActiveCfg = Release|x64
		{440B05CF-A65F-4C0F-9082-0A4A2A696791}.Release|x64.Build.0 = Release|x64
		{440B05CF-A65F-4C0F-9082-0A4A2A696791}.Release|x86.ActiveCfg = Release|Win32
		{440B05CF-A65F-4C0F-9082-0A4A2A696791}.Release|x86.Build.0 = Release|Win32
		{C5E8F8F2-10A3-4ACD-8121-A60098AC44EE}.Debug|x64.ActiveCfg = Debug|x64
		{C5E8F8F2-10A3-4ACD-8121-A60098AC44EE}.Debug|x64.Build.0 = Debug|x64
		{C5E8F8F2-10A3-4ACD-8121-A60098AC44EE}.Debug|x86.ActiveCfg = Debug|Win32
		{C5E8F8F2-10A3-4ACD-8121-A60098AC44EE}.Debug|x86.Build.0 = Debug|Win32
		{C5E8F8F2-10A3-4ACD-8121-A60098AC44EE}.Release|x64.ActiveCfg = Release|x64
		{C5E8F8F2-10A3-4ACD-8121-A60098AC44EE}.Release|x64.Build.0 = Release|x64
		{C5E8F8F2-10A3-4ACD-8121-A60098AC44EE}.Release|x86.ActiveCfg = Release|Win32
		{C5E8F8F2-10A3-4ACD-8121-A60098AC44EE}.Release|x86.Build.0 = Release|Win32
		{07912D13-9116-4572-B976-D3C7103A9E0B}.Debug|x64.ActiveCfg = Debug|x64
		{07912D13-9116-4572-B976-D3C7103A9E0B}.Debug|x64.Build.0 = Debug|x64
		{07912D13-9116-4572-B976-D3C7103A9E0B}.Debug|x86.ActiveCfg = Debug|Win32
		{07912D13-9116-4572-B976-D3C7103A9E0B}.Debug|x86.Build.0 = Debug|Win32
		{07912D13-9116-4572-B976-D3C7103A9E0B}.Release|x64.ActiveCfg = Release|x64
		{07912D13-9116-4572-B976-D3C7103A9E0B}.Release|x64.Build.0 = Release|x64
		{07912D13-9116-4572-B976-D3C7103A9E0B}.Release|x86.ActiveCfg = Release|Win32
		{07912D13-9116-4572-B976-D3C7103A9E0B}.Release|x86.Build.0 = Release|Win32
		{8528BDEA-D76D-49E6-9A64-DAFA1E3C416A}.Debug|x64.ActiveCfg = Debug|x64
		{8528BDEA-D76D-49E6-9A64-DAFA1E3C416A}.Debug|x64.Build.0 = Debug|x64
		{8528BDEA-D76D-49E6-9A64-DAFA1E3C416A}.Debug|x86.ActiveCfg = Debug|Win32
		{8528BDEA-D76D-49E6-9A64-DAFA1E3C416A}.Debug|x86.Build.0 = Debug|Win32
		{8528BDEA-D76D-49E6-9A64-DAFA1E3C416A}.Release|x64.ActiveCfg = Release|x64
		{8528BDEA-D76D-49E6-9A64-DAFA1E3C416A}.Release|x64.Build.0 = Release|x64
		{8528BDEA-D76D-49E6-9A64-DAFA1E3C416A}.Release|x86.ActiveCfg = Release|Win32
		{8528BDEA-D76D-49E6-9A64-DAFA1E3C416A}.Release|x86.Build.0 = Release|Win32
		{44E65BAA-BEA4-4F5C-AC68-0393D6E39B93}.Debug|x64.ActiveCfg = Debug|x64
		{44E65BAA-BEA4-4F5C-AC68-0393D6E39B93}.Debug|x64.Build.0 = Debug|x64
		{44E65BAA-BEA4-4F5C-AC68-0393D6E39B93}.Debug|x86.ActiveCfg = Debug|Win32
		{44E65BAA-BEA4-4F5C-AC68-0393D6E39B93}.Debug|x86.Build.0 = Debug|Win32
		{44E65BAA-BEA4-4F5C-AC68-0393D6E39B93}.Release|x64.ActiveCfg = Release|x64
		{44E65BAA-BEA4-4F5C-AC68-0393D6E39B93}.Release|x64.Build.0 = Release|x64
		{44E65BAA-BEA4-4F5C-AC68-0393D6E39B93}.Release|x86.ActiveCfg = Release|Win32
		{44E65BAA-BEA4-4F5C-AC68-0393D6E39B93}.Release|x86.Build.0 = Release|Win32
		{968AFDAF-2581-42F0-B3F1-4F04DF7761FF}.Debug|x64.ActiveCfg = Debug|x64
		{968AFDAF-2581-42F0-B3F1-4F04DF7761FF}.Debug|x64.Build.0 = Debug|x64
		{968AFDAF-2581-42F0-B3F1-4F04DF7761FF}.Debug|x86.ActiveCfg = Debug|Win32
		{968AFDAF-2581-42F0-B3F1-4F04DF7761FF}.Debug|x86.Build.0 = Debug|Win32
		{968AFDAF-2581-42F0-B3F1-4F04DF7761FF}.Release|x64.ActiveCfg = Release|x64
		{968AFDAF-2581-42F0-B3F1-4F04DF7761FF}.Release|x64.Build.0 = Release|x64
		{968AFDAF-2581-42F0-B3F1-4F04DF7761FF}.Release|x86.ActiveCfg = Release|Win32
		{968AFDAF-2581-42F0-B3F1-4F04DF7761FF}.Release|x86.Build.0 = Release|Win32
		{35329AFB-EBC7-48B0-88C5-5409D74C9695}.Debug|x64.ActiveCfg = Debug|x64
		{35329AFB-EBC7-48B0-88C5-5409D74C9695}.Debug|x64.Build.0 = Debug|x64
		{35329AFB-EBC7-48B0-88C5-5409D74C9695}.Debug|x86.ActiveCfg = Debug|Win32
		{35329AFB-EBC7-48B0-88C5-5409D74C9695}.Debug|x86.Build.0 = Debug|Win32
		{35329AFB-EBC7-48B0-88C5-5409D74C9695}.Release|x64.ActiveCfg = Release|x64
		{35329AFB-EBC7-48B0-88C5-5409D74C9695}.Release|x64.Build.0 = Release|x64
		{35329AFB-EBC7-48B0-88C5-5409D74C9695}.Release|x86.ActiveCfg = Release|Win32
		{35329AFB-EBC7-48B0-88C5-5409D74C9695}.Release|x86.Build.0 = Release|Win32
		{E43F6B5F-40F3-46A7-B7EC-F32A7C43AC3E}.Debug|x64.ActiveCfg = Debug|x64
		{E43F6B5F-40F3-46A7-B7EC-F32A7C43AC3E}.Debug|x64.Build.0 = Debug|x64
		{E43F6B5F-40F3-46A7-B7EC-F32A7C43AC3E}.Debug|x86.ActiveCfg = Debug|Win32
		{E43F6B5F-40F3-46A7-B7EC-F32A7C43AC3E}.Debug|x86.Build.0 = Debug|Win32
		{E43F6B5F-40F3-46A7-B7EC-F32A7C43AC3E}.Release|x64.ActiveCfg = Release|x64
		{E43F6B5F-40F3-46A7-B7EC-F32A7C43AC3E}.Release|x64.Build.0 = Release|x64
		{E43F6B5F-40F3-46A7-B7EC-F32A7C43AC3E}.Release|x86.ActiveCfg = Release|Win32
		{E43F6B5F-40F3-46A7-B7EC-F32A7C43AC3E}.Release|x86.Build.0 = Release|Win32
		{C9426F67-1C24-40B8-95E3-8F402BF463F3}.Debug|x64.ActiveCfg = Debug|x64
		{C9426F67-1C24-40B8-95E3-8F402BF463F3}.Debug|x64.Build.0 = Debug|x64
		{C9426F67-1C24-40B8-95E3-8F402BF463F3}.Debug|x86.ActiveCfg = Debug|Win32
		{C9426F67-1C24-40B8-95E3-8F402BF463F3}.Debug|x86.Build.0 = Debug|Win32
		{C9426F67-1C24-40B8-95E3-8F402BF463F3}.Release|x64.ActiveCfg = Release|x64
		{C9426F67-1C24-40B8-95E3-8F402BF463F3}.Release|x64.Build.0 = Release|x64
		{C9426F67-1C24-40B8-95E3-8F402BF463F3}.Release|x86.ActiveCfg = Release|Win32
		{C9426F67-1C24-40B8-95E3-8F402BF463F3}.Release|x86.Build.0 = Release|Win32
		{F9801352-51BC-4E8C-A3FE-03BC5CAE32F7}.Debug|x64.ActiveCfg = Debug|x64
		{F9801352-51BC-4E8C-A3FE-03BC5CAE32F7}.Debug|x64.Build.0 = Debug|x64
		{F9801352-51BC-4E8C-A3FE-03BC5CAE32F7}.Debug|x86.ActiveCfg = Debug|Win32
		{F9801352-51BC-4E8C-A3FE-03BC5CAE32F7}.Debug|x86.Build.0 = Debug|Win32
		{F9801352-51BC-4E8C-A3FE-03BC5CAE32F7}.Release|x64.ActiveCfg = Release|x64
		{F9801352-51BC-4E8C-A3FE-03BC5CAE32F7}.Release|x64.Build.0 = Release|x64
		{F9801352-51BC-4E8C-A3FE-03BC5CAE32F7}.Release|x86.ActiveCfg = Release|Win32
		{F9801352-51BC-4E8C-A3FE-03BC5CAE32F7}.Release|x86.Build.0 = Release|Win32
		{66EE9185-5998-4F81-B118-65EF88A7C8C5}.Debug|x64.ActiveCfg = Debug|x64
		{66EE9185-5998-4F81-B118-65EF88A7C8C5}.Debug|x64.Build.0 = Debug|x64
		{66EE9185-5998-4F81-B118-65EF88A7C8C5}.Debug|x86.ActiveCfg = Debug|Win32
		{66EE9185-5998-4F81-B118-65EF88A7C8C5}.Debug|x86.Build.0 = Debug|Win32
		{66EE9185-5998-4F81-B118-65EF88A7C8C5}.Release|x64.ActiveCfg = Release|x64
		{66EE9185-5998-4F81-B118-65EF88A7C8C5}.Release|x64.Build.0 = Release|x64
		{66EE9185-5998-4F81-B118-65EF88A7C8C5}.Release|x86.ActiveCfg = Release|Win32
		{66EE9185-5998-4F81-B118-65EF88A7C8C5}.Release|x86.Build.0 = Release|Win32
		{CC3A4B32-1230-44B1-B0AE-72B7DCA3B320}.Debug|x64.ActiveCfg = Debug|x64
		{CC3A4B32-1230-44B1-B0AE-72B7DCA3B320}.Debug|x64.Build.0 = Debug|x64
		{CC3A4B32-1230-44B1-B0AE-72B7DCA3B320}.Debug|x86.ActiveCfg = Debug|Win32
		{CC3A4B32-1230-44B1-B0AE-72B7DCA3B320}.Debug|x86.Build.0 = Debug|Win32
		{CC3A4B32-1230-44B1-B0AE-72B7DCA3B320}.Release|x64.ActiveCfg = Release|x64
		{CC3A4B32-1230-44B1-B0AE-72B7DCA3B320}.Release|x64.Build.0 = Release|x64
		{CC3A4B32-1230-44B1-B0AE-72B7DCA3B320}.Release|x86.ActiveCfg = Release|Win32
		{CC3A4B32-1230-44B1-B0AE-72B7DCA3B320}.Release|x86.Build.0 = Release|Win32
		{0C295443-4380-49F9-B9AE-E6E889A3D04E}.Debug|x64.ActiveCfg = Debug|x64
		{0C295443-4380-49F9-B9AE-E6E889A3D04E}.Debug|x64.Build.0 = Debug|x64
		{0C295443-4380-49F9-B9AE-E6E889A3D04E}.Debug|x86.ActiveCfg = Debug|Win32
		{0C295443-4380-49F9-B9AE-E6E889A3D04E}.Debug|x86.Build.0 = Debug|Win32
		{0C295443-4380-49F9-B9AE-E6E889A3D04E}.Release|x64.ActiveCfg = Release|x64
		{0C295443-4380-49F9-B9AE-E6E889A3D04E}.Release|x64.Build.0 = Release|x64
		{0C295443-4380-49F9-B9AE-E6E889A3D04E}.Release|x86.ActiveCfg = Release|Win32
		{0C295443-4380-49F9-B9AE-E6E889A3D04E}.Release|x86.Build.0 = Release|Win32
		{79D38BC7-5796-400E-BF30-8CA54A825BDA}.Debug|x64.ActiveCfg = Debug|x64
		{79D38BC7-5796-400E-BF30-8CA54A825BDA}.Debug|x64.Build.0 = Debug|x64
		{79D38BC7-5796-400E-BF30-8CA54A825BDA}.Debug|x86.ActiveCfg = Debug|Win32
		{79D38BC7-5796-400E-BF30-8CA54A825BDA}.Debug|x86.Build.0 = Debug|Win32
		{79D38BC7-5796-400E-BF30-8CA54A825BDA}.Release|x64.ActiveCfg = Release|x64
		{79D38BC7-5796-400E-BF30-8CA54A825BDA}.Release|x64.Build.0 = Release|x64
		{79D38BC7-5796-400E-BF30-8CA54A825BDA}.Release|x86.ActiveCfg = Release|Win32
		{79D38BC7-5796-400E-BF30-8CA54A825BDA}.Release|x86.Build.0 = Release|Win32
		{E6B1AFD9-6379-47FD-AFFB-1E7B75B24165}.Debug|x64.ActiveCfg = Debug|x64
		{E6B1AFD9-6379-47FD-AFFB-1E7B75B24165}.Debug|x64.Build.0 = Debug|x64
		{E6B1AFD9-6379-47FD-AFFB-1E7B75B24165}.Debug|x86.ActiveCfg = Debug|Win32
		{E6B1AFD9-6379-47FD-AFFB-1E7B75B24165}.Debug|x86.Build.0 = Debug|Win32
		{E6B1AFD9-6379-47FD-AFFB-1E7B75B24165}.Release|x64.ActiveCfg = Release|x64
		{E6B1AFD9-6379-47FD-AFFB-1E7B75B24165}.Release|x64.Build.0 = Release|x64
		{E6B1AFD9-6379-47FD-AFFB-1E7B75B24165}.Release|x86.ActiveCfg = Release|Win32
		{E6B1AFD9-6379-47FD-AFFB-1E7B75B24165}.Release|x86.Build.0 = Release|Win32
		{B10B6865-9B3D-4F38-8D69-24947E414A92}.Debug|x64.ActiveCfg = Debug|x64
		{B10B6865-9B3D-4F38-8D69-24947E414A92}.Debug|x64.Build.0 = Debug|x64
		{B10B6865-9B3D-4F38-8D69-24947E414A92}.Debug|x86.ActiveCfg = Debug|Win32
		{B10B6865-9B3D-4F38-8D69-24947E414A92}.Debug|x86.Build.0 = Debug|Win32
		{B10B6865-9B3D-4F38-8D69-24947E414A92}.Release|x64.ActiveCfg = Release|x64
		{B10B6865-9B3D-4F38-8D69-24947E414A92}.Release|x64.Build.0 = Release|x64
		{B10B6865-9B3D-4F38-8D69-24947E414A92}.Release|x86.ActiveCfg = Release|Win32
		{B10B6865-9B3D-4F38-8D69-24947E414A92}.Release|x86.Build.0 = Release|Win32
		{C622F75C-2161-4C84-B17C-4610A137DF57}.Debug|x64.ActiveCfg = Debug|x64
		{C622F75C-2161-4C84-B17C-4610A137DF57}.Debug|x64.Build.0 = Debug|x64
		{C622F75C-2161-4C84-B17C-4610A137DF57}.Debug|x86.ActiveCfg = Debug|Win32
		{C622F75C-2161-4C84-B17C-4610A137DF57}.Debug|x86.Build.0 = Debug|Win32
		{C622F75C-2161-4C84-B17C-4610A137DF57}.Release|x64.ActiveCfg = Release|x64
		{C622F75C-2161-4C84-B17C-4610A137DF57}.Release|x64.Build.0 = Release|x64
		{C622F75C-2161-4C84-B17C-4610A137DF57}.Release|x86.ActiveCfg = Release|Win32
		{C622F75C-2161-4C84-B17C-4610A137DF57}.Release|x86.Build.0 = Release|Win32
		{BA31EB17-57B6-43C0-8212-4D6ABFE21294}.Debug|x64.ActiveCfg = Debug|x64
		{BA31EB17-57B6-43C0-8212-4D6ABFE21294}.Debug|x64.Build.0 = Debug|x64
		{BA31EB17-57B6-43C0-8212-4D6ABFE21294}.Debug|x86.ActiveCfg = Debug|Win32
		{BA31EB17-57B6-43C0-8212-4D6ABFE21294}.Debug|x86.Build.0 = Debug|Win32
		{BA31EB17-57B6-43C0-8212-4D6ABFE21294}.Release|x64.ActiveCfg = Release|x64
		{BA31EB17-57B6-43C0-8212-4D6ABFE21294}.Release|x64.Build.0 = Release|x64
		{BA31EB17-57B6-43C0-8212-4D6ABFE21294}.Release|x86.ActiveCfg = Release|Win32
		{BA31EB17-57B6-43C0-8212-4D6ABFE21294}.Release|x86.Build.0 = Release|Win32
		{28060FC0-E6F3-45B1-925B-5F2684E6EB80}.Debug|x64.ActiveCfg = Debug|x64
		{28060FC0-E6F3-45B1-925B-5F2684E6EB80}.Debug|x64.Build.0 = Debug|x64
		{28060FC0-E6F3-45B1-925B-5F2684E6EB80}.Debug|x86.ActiveCfg = Debug|Win32
		{28060FC0-E6F3-45B1-925B-5F2684E6EB80}.Debug|x86.Build.0 = Debug|Win32
		{28060FC0-E6F3-45B1-925B-5F2684E6EB80}.Release|x64.ActiveCfg = Release|x64
		{28060FC0-E6F3-45B1-925B-5F2684E6EB80}.Release|x64.Build.0 = Release|x64
		{28060FC0-E6F3-45B1-925B-5F2684E6EB80}.Release|x86.ActiveCfg = Release|Win32
		{28060FC0-E6F3-45B1-925B-5F2684E6EB80}.Release|x86.Build.0 = Release|Win32
		{890D6ED0-85B9-4F2F-9730-095D659B5C42}.Debug|x64.ActiveCfg = Debug|x64
		{890D6ED0-85B9-4F2F-9730-095D659B5C42}.Debug|x64.Build.0 = Debug|x64
		{890D6ED0-85B9-4F2F-9730-095D659B5C42}.Debug|x86.ActiveCfg = Debug|Win32
		{890D6ED0-85B9-4F2F-9730-095D659B5C42}.Debug|x86.Build.0 = Debug|Win32
		{890D6ED0-85B9-4F2F-9730-095D659B5C42}.Release|x64.ActiveCfg = Release|x64
		{890D6ED0-85B9-4F2F-9730-095D659B5C42}.Release|x64.Build.0 = Release|x64
		{890D6ED0-85B9-4F2F-9730-095D659B5C42}.Release|x86.ActiveCfg = Release|Win32
		{890D6ED0-85B9-4F2F-9730-095D659B5C42}.Release|x86.Build.0 = Release|Win32
		{42EB0326-C5ED-45C2-9458-47F661512929}.Debug|x64.ActiveCfg = Debug|x64
		{42EB0326-C5ED-45C2-9458-47F661512929}.Debug|x64.Build.0 = Debug|x64
		{42EB0326-C5ED-45C2-9458-47F661512929}.Debug|x86.ActiveCfg = Debug|Win32
		{42EB0326-C5ED-45C2-9458-47F661512929}.Debug|x86.Build.0 = Debug|Win32
		{42EB0326-C5ED-45C2-9458-47F661512929}.Release|x64.ActiveCfg = Release|x64
		{42EB0326-C5ED-45C2-9458-47F661512929}.Release|x64.Build.0 = Release|x64
		{42EB0326-C5ED-45C2-9458-47F661512929}.Release|x86.ActiveCfg = Release|Win32
		{42EB0326-C5ED-45C2-9458-47F661512929}.Release|x86.Build.0 = Release|Win32
		{5F6B79C7-C6A1-407A-8B3D-AC0EFC643237}.Debug|x64.ActiveCfg = Debug|x64
		{5F6B79C7-C6A1-407A-8B3D-AC0EFC643237}.Debug|x64.Build.0 = Debug|x64
		{5F6B79C7-C6A1-407A-8B3D-AC0EFC643237}.Debug|x86.ActiveCfg = Debug|Win32
		{5F6B79C7-C6A1-407A-8B3D-AC0EFC643237}.Debug|x86.Build.0 = Debug|Win32
		{5F6B79C7-C6A1-407A-8B3D-AC0EFC643237}.Release|x64.ActiveCfg = Release|x64
		{5F6B79C7-C6A1-407A-8B3D-AC0EFC643237}.Release|x64.Build.0 = Release|x64
		{5F6B79C7-C6A1-407A-8B3D-AC0EFC643237}.Release|x86.ActiveCfg = Release|Win32
		{5F6B79C7-C6A1-407A-8B3D-AC0EFC643237}.Release|x86.Build.0 = Release|Win32
		{C7BEB583-95BD-4B54-A497-20CBF47B5228}.Debug|x64.ActiveCfg = Debug|x64
		{C7BEB583-95BD-4B54-A497-20CBF47B5228}.Debug|x64.Build.0 = Debug|x64
		{C7BEB583-95BD-4B54-A497-20CBF47B5228}.Debug|x86.ActiveCfg = Debug|Win32
		{C7BEB583-95BD-4B54-A497-20CBF47B5228}.Debug|x86.Build.0 = Debug|Win32
		{C7BEB583-95BD-4B54-A497-20CBF47B5228}.Release|x64.ActiveCfg = Release|x64
		{C7BEB583-95BD-4B54-A497-20CBF47B5228}.Release|x64.Build.0 = Release|x64
		{C7BEB583-95BD-4B54-A497-20CBF47B5228}.Release|x86.ActiveCfg = Release|Win32
		{C7BEB583-95BD-4B54-A497-20CBF47B5228}.Release|x86.Build.0 = Release|Win32
		{27C48D7C-AFDA-4CA3-BBF8-BD3C50E4D80C}.Debug|x64.ActiveCfg = Debug|x64
		{27C48D7C-AFDA-4CA3-BBF8-BD3C50E4D80C}.Debug|x64.Build.0 = Debug|x64
		{27C48D7C-AFDA-4CA3-BBF8-BD3C50E4D80C}.Debug|x86.ActiveCfg = Debug|Win32
		{27C48D7C-AFDA-4CA3-BBF8-BD3C50E4D80C}.Debug|x86.Build.0 = Debug|Win32
		{27C48D7C-AFDA-4CA3-BBF8-BD3C50E4D80C}.Release|x64.ActiveCfg = Release|x64
		{27C48D7C-AFDA-4CA3-BBF8-BD3C50E4D80C}.Release|x64.Build.0 = Release|x64
		{27C48D7C-AFDA-4CA3-BBF8-BD3C50E4D80C}.Release|x86.ActiveCfg = Release|Win32
		{27C48D7C-AFDA-4CA3-BBF8-BD3C50E4D80C}.Release|x86.Build.0 = Release|Win32
		{6C838319-01FC-4ACE-84A7-551B35BFE482}.Debug|x64.ActiveCfg = Debug|x64
		{6C838319-01FC-4ACE-84A7-551B35BFE482}.Debug|x64.Build.0 = Debug|x64
		{6C838319-01FC-4ACE-84A7-551B35BFE482}.Debug|x86.ActiveCfg = Debug|Win32
		{6C838319-01FC-4ACE-84A7-551B35BFE482}.Debug|x86.Build.0 = Debug|Win32
		{6C838319-01FC-4ACE-84A7-551B35BFE482}.Release|x64.ActiveCfg = Release|x64
		{6C838319-01FC-4ACE-84A7-551B35BFE482}.Release|x64.Build.0 = Release|x64
		{6C838319-01FC-4ACE-84A7-551B35BFE482}.Release|x86.ActiveCfg = Release|Win32
		{6C838319-01FC-4ACE-84A7-551B35BFE482}.Release|x86.Build.0 = Release|Win32
		{EC56E3D5-8D34-45C1-8722-598B8D36C128}.Debug|x64.ActiveCfg = Debug|x64
		{EC56E3D5-8D34-45C1-8722-598B8D36C128}.Debug|x64.Build.0 = Debug|x64
		{EC56E3D5-8D34-45C1-8722-598B8D36C128}.Debug|x86.ActiveCfg = Debug|Win32
		{EC56E3D5-8D34-45C1-8722-598B8D36C128}.Debug|x86.Build.0 = Debug|Win32
		{EC56E3D5-8D34-45C1-8722-598B8D36C128}.Release|x64.ActiveCfg = Release|x64
		{EC56E3D5-8D34-45C1-8722-598B8D36C128}.Release|x64.Build.0 = Release|x64
		{EC56E3D5-8D34-45C1-8722-598B8D36C128}.Release|x86.ActiveCfg = Release|Win32
		{EC56E3D5-8D34-45C1-8722-598B8D36C128}.Release|x86.Build.0 = Release|Win32
		{85F3FCA5-A50F-4D48-8960-F2B253157116}.Debug|x64.ActiveCfg = Debug|x64
		{85F3FCA5-A50F-4D48-8960-F2B253157116}.Debug|x64.Build.0 = Debug|x64
		{85F3FCA5-A50F-4D48-8960-F2B253157116}.Debug|x86.ActiveCfg = Debug|Win32
		{85F3FCA5-A50F-4D48-8960-F2B253157116}.Debug|x86.Build.0 = Debug|Win32
		{85F3FCA5-A50F-4D48-8960-F2B253157116}.Release|x64.ActiveCfg = Release|x64
		{85F3FCA5-A50F-4D48-8960-F2B253157116}.Release|x64.Build.0 = Release|x64
		{85F3FCA5-A50F-4D48-8960-F2B253157116}.Release|x86.ActiveCfg = Release|Win32
		{85F3FCA5-A50F-4D48-8960-F2B253157116}.Release|x86.Build.0 = Release|Win32
		{A341C5B2-ED5D-42E0-B0A4-B5A09F09B408}.Debug|x64.ActiveCfg = Debug|x64
		{A341C5B2-ED5D-42E0-B0A4-B5A09F09B408}.Debug|x64.Build.0 = Debug|x64
		{A341C5B2-ED5D-42E0-B0A4-B5A09F09B408}.Debug|x86.ActiveCfg = Debug|Win32
		{A341C5B2-ED5D-42E0-B0A4-B5A09F09B408}.Debug|x86.Build.0 = Debug|Win32
		{A341C5B2-ED5D-42E0-B0A4-B5A09F09B408}.Release|x64.ActiveCfg = Release|x64
		{A341C5B2-ED5D-42E0-B0A4-B5A09F09B408}.Release|x64.Build.0 = Release|x64
		{A341C5B2-ED5D-42E0-B0A4-B5A09F09B408}.Release|x86.ActiveCfg = Release|Win32
		{A341C5B2-ED5D-42E0-B0A4-B5A09F09B408}.Release|x86.Build.0 = Release|Win32
		{D1D630A6-A3D0-482E-A0C1-DA5B12F39253}.Debug|x64.ActiveCfg = Debug|x64
		{D1D630A6-A3D0-482E-A0C1-DA5B12F39253}.Debug|x64.Build.0 = Debug|x64
		{D1D630A6-A3D0-482E-A0C1-DA5B12F39253}.Debug|x86.ActiveCfg = Debug|Win32
		{D1D630A6-A3D0-482E-A0C1-DA5B12F39253}.Debug|x86.Build.0 = Debug|Win32
		{D1D630A6-A3D0-482E-A0C1-DA5B12F39253}.Release|x64.ActiveCfg = Release|x64
		{D1D630A6-A3D0-482E-A0C1-DA5B12F39253}.Release|x64.Build.0 = Release|x64
		{D1D630A6-A3D0-482E-A0C1-DA5B12F39253}.Release|x86.ActiveCfg = Release|Win32
		{D1D630A6-A3D0-482E-A0C1-DA5B12F39253}.Release|x86.Build.0 = Release|Win32
		{DCFD3342-5A66-4AFA-A1CF-3F9F1A15C76C}.Debug|x64.ActiveCfg = Debug|x64
		{DCFD3342-5A66-4AFA-A1CF-3F9F1A15C76C}.Debug|x64.Build.0 = Debug|x64
		{DCFD3342-5A66-4AFA-A1CF-3F9F1A15C76C}.Debug|x86.ActiveCfg = Debug|Win32
		{DCFD3342-5A66-4AFA-A1CF-3F9F1A15C76C}.Debug|x86.Build.0 = Debug|Win32
		{DCFD3342-5A66-4AFA-A1CF-3F9F1A15C76C}.Release|x64.ActiveCfg = Release|x64
		{DCFD3342-5A66-4AFA-A1CF-3F9F1A15C76C}.Release|x64.Build.0 = Release|x64
		{DCFD3342-5A66-4AFA-A1CF-3F9F1A15C76C}.Release|x86.ActiveCfg = Release|Win32
		{DCFD3342-5A66-4AFA-A1CF-3F9F1A15C76C}.Release|x86.Build.0 = Release|Win32
		{07B00930-9E83-4FBE-99CE-152349281BAE}.Debug|x64.ActiveCfg = Debug|x64
		{07B00930-9E83-4FBE-99CE-152349281BAE}.Debug|x64.Build.0 = Debug|x64
		{07B00930-9E83-4FBE-99CE-152349281BAE}.Debug|x86.ActiveCfg = Debug|Win32
		{07B00930-9E83-4FBE-99CE-152349281BAE}.Debug|x86.Build.0 = Debug|Win32
		{07B00930-9E83-4FBE-99CE-152349281BAE}.Release|x64.ActiveCfg = Release|x64
		{07B00930-9E83-4FBE-99CE-152349281BAE}.Release|x64.Build.0 = Release|x64
		{07B00930-9E83-4FBE-99CE-152349281BAE}.Release|x86.ActiveCfg = Release|Win32
		{07B00930-9E83-4FBE-99CE-152349281BAE}.Release|x86.Build.0 = Release|Win32
		{7F271265-E1E1-4889-BA7D-19B77FAFD648}.Debug|x64.ActiveCfg = Debug|x64
		{7F271265-E1E1-4889-BA7D-19B77FAFD648}.Debug|x64.Build.0 = Debug|x64
		{7F271265-E1E1-4889-BA7D-19B77FAFD648}.Debug|x86.ActiveCfg = Debug|Win32
		{7F271265-E1E1-4889-BA7D-19B77FAFD648}.Debug|x86.Build.0 = Debug|Win32
		{7F271265-E1E1-4889-BA7D-19B77FAFD648}.Release|x64.ActiveCfg = Release|x64
		{7F271265-E1E1-4889-BA7D-19B77FAFD648}.Release|x64.Build.0 = Release|x64
		{7F271265-E1E1-4889-BA7D-19B77FAFD648}.Release|x86.ActiveCfg = Release|Win32
		{7F271265-E1E1-4889-BA7D-19B77FAFD648}.Release|x86.Build.0 = Release|Win32
		{7F1FCAD4-5375-4669-921C-F55E6C8993BE}.Debug|x64.ActiveCfg = Debug|x64
		{7F1FCAD4-5375-4669-921C-F55E6C8993BE}.Debug|x64.Build.0 = Debug|x64
		{7F1FCAD4-5375-4669-921C-F55E6C8993BE}.Debug|x86.ActiveCfg = Debug|Win32
		{7F1FCAD4-5375-4669-921C-F55E6C8993BE}.Debug|x86.Build.0 = Debug|Win32
		{7F1FCAD4-5375-4669-921C-F55E6C8993BE}.Release|x64.ActiveCfg = Release|x64
		{7F1FCAD4-5375-4669-921C-F55E6C8993BE}.Release|x64.Build.0 = Release|x64
		{7F1FCAD4-5375-4669-921C-F55E6C8993BE}.Release|x86.ActiveCfg = Release|Win32
		{7F1FCAD4-5375-4669-921C-F55E6C8993BE}.Release|x86.Build.0 = Release|Win32
		{54FDE996-97B9-4DCC-82A5-976FAFE6594C}.Debug|x64.ActiveCfg = Debug|x64
		{54FDE996-97B9-4DCC-82A5-976FAFE6594C}.Debug|x64.Build.0 = Debug|x64
		{54FDE996-97B9-4DCC-82A5-976FAFE6594C}.Debug|x86.ActiveCfg = Debug|Win32
		{54FDE996-97B9-4DCC-82A5-976FAFE6594C}.Debug|x86.Build.0 = Debug|Win32
		{54FDE996-97B9-4DCC-82A5-976FAFE6594C}.Release|x64.ActiveCfg = Release|x64
		{54FDE996-97B9-4DCC-82A5-976FAFE6594C}.Release|x64.Build.0 = Release|x64
		{54FDE996-97B9-4DCC-82A5-976FAFE6594C}.Release|x86.ActiveCfg = Release|Win32
		{54FDE996-97B9-4DCC-82A5-976FAFE6594C}.Release|x86.Build.0 = Release|Win32
		{1DECC404-AF4E-424E-8775-9FD2AADF6F68}.Debug|x64.ActiveCfg = Debug|x64
		{1DECC404-AF4E-424E-8775-9FD2AADF6F68}.Debug|x64.Build.0 = Debug|x64
		{1DECC404-AF4E-424E-8775-9FD2AADF6F68}.Debug|x86.ActiveCfg = Debug|Win32
		{1DECC404-AF4E-424E-8775-9FD2AADF6F68}.Debug|x86.Build.0 = Debug|Win32
		{1DECC404-AF4E-424E-8775-9FD2AADF6F68}.Release|x64.ActiveCfg = Release|x64
		{1DECC404-AF4E-424E-8775-9FD2AADF6F68}.Release|x64.Build.0 = Release|x64
		{1DECC404-AF4E-424E-8775-9FD2AADF6F68}.Release|x86.ActiveCfg = Release|Win32
		{1DECC404-AF4E-424E-8775-9FD2AADF6F68}.Release|x86.Build.0 = Release|Win32
	EndGlobalSection
	GlobalSection(SolutionProperties) = preSolution
		HideSolutionNode = FALSE
	EndGlobalSection
	GlobalSection(ExtensibilityGlobals) = postSolution
		SolutionGuid = {4A63963D-A344-48DC-97E6-E9E1E9077BE5}
	EndGlobalSection
EndGlobal
